// !$*UTF8*$!
{
	archiveVersion = 1;
	classes = {
	};
	objectVersion = 55;
	objects = {

/* Begin PBXBuildFile section */
		AC01EB23287B1BB90026FC29 /* VideoRecordingView.swift in Sources */ = {isa = PBXBuildFile; fileRef = AC01EB22287B1BB90026FC29 /* VideoRecordingView.swift */; };
		AC05854A28B1646600BB982A /* SettingsSheet.swift in Sources */ = {isa = PBXBuildFile; fileRef = AC05854928B1646500BB982A /* SettingsSheet.swift */; };
		AC05854D28B1953900BB982A /* ActualStoryView.swift in Sources */ = {isa = PBXBuildFile; fileRef = AC05854C28B1953900BB982A /* ActualStoryView.swift */; };
		AC05854F28B1A23C00BB982A /* ActualStoryCoverView.swift in Sources */ = {isa = PBXBuildFile; fileRef = AC05854E28B1A23C00BB982A /* ActualStoryCoverView.swift */; };
		AC05855128B1B03000BB982A /* ActualStoryCoverCropperView.swift in Sources */ = {isa = PBXBuildFile; fileRef = AC05855028B1B02F00BB982A /* ActualStoryCoverCropperView.swift */; };
		AC0E252228709B9C00AFB2F2 /* CommentsView.swift in Sources */ = {isa = PBXBuildFile; fileRef = AC0E252128709B9B00AFB2F2 /* CommentsView.swift */; };
		AC101015287835F70014E13B /* ImagePickerView.swift in Sources */ = {isa = PBXBuildFile; fileRef = AC101014287835F70014E13B /* ImagePickerView.swift */; };
		AC10101828783E390014E13B /* SettingsView.swift in Sources */ = {isa = PBXBuildFile; fileRef = AC10101728783E390014E13B /* SettingsView.swift */; };
		AC10101A287841D00014E13B /* AccountView.swift in Sources */ = {isa = PBXBuildFile; fileRef = AC101019287841D00014E13B /* AccountView.swift */; };
		AC10101C287843560014E13B /* AccountViewModel.swift in Sources */ = {isa = PBXBuildFile; fileRef = AC10101B287843560014E13B /* AccountViewModel.swift */; };
		AC10101E2878497C0014E13B /* SafetyView.swift in Sources */ = {isa = PBXBuildFile; fileRef = AC10101D2878497C0014E13B /* SafetyView.swift */; };
		AC10102028784A150014E13B /* ChangePassword.swift in Sources */ = {isa = PBXBuildFile; fileRef = AC10101F28784A150014E13B /* ChangePassword.swift */; };
		AC10102228784B300014E13B /* ChangePasswordViewModel.swift in Sources */ = {isa = PBXBuildFile; fileRef = AC10102128784B300014E13B /* ChangePasswordViewModel.swift */; };
		AC101024287856290014E13B /* NotifySettingsViewModel.swift in Sources */ = {isa = PBXBuildFile; fileRef = AC101023287856290014E13B /* NotifySettingsViewModel.swift */; };
		AC101026287856A30014E13B /* NotifyModel.swift in Sources */ = {isa = PBXBuildFile; fileRef = AC101025287856A30014E13B /* NotifyModel.swift */; };
		AC101028287857F30014E13B /* NotifyView.swift in Sources */ = {isa = PBXBuildFile; fileRef = AC101027287857F30014E13B /* NotifyView.swift */; };
		AC10102A287861D80014E13B /* ConfidentialityView.swift in Sources */ = {isa = PBXBuildFile; fileRef = AC101029287861D70014E13B /* ConfidentialityView.swift */; };
		AC10102C2878624A0014E13B /* ConfidentialityViewModel.swift in Sources */ = {isa = PBXBuildFile; fileRef = AC10102B2878624A0014E13B /* ConfidentialityViewModel.swift */; };
		AC10102E287863BA0014E13B /* ConfidentialityModel.swift in Sources */ = {isa = PBXBuildFile; fileRef = AC10102D287863B90014E13B /* ConfidentialityModel.swift */; };
		AC1010312878690F0014E13B /* SavedView.swift in Sources */ = {isa = PBXBuildFile; fileRef = AC1010302878690F0014E13B /* SavedView.swift */; };
		AC1010332878695A0014E13B /* SavedMediaAlbumView.swift in Sources */ = {isa = PBXBuildFile; fileRef = AC1010322878695A0014E13B /* SavedMediaAlbumView.swift */; };
		AC101035287982DF0014E13B /* SignUpViewModel.swift in Sources */ = {isa = PBXBuildFile; fileRef = AC101034287982DF0014E13B /* SignUpViewModel.swift */; };
		AC101037287983860014E13B /* AlertModel.swift in Sources */ = {isa = PBXBuildFile; fileRef = AC101036287983860014E13B /* AlertModel.swift */; };
		AC1F7C1C2876B438009227CB /* RoundedEdge.swift in Sources */ = {isa = PBXBuildFile; fileRef = AC1F7C1B2876B438009227CB /* RoundedEdge.swift */; };
		AC1F7C1E2876B53D009227CB /* ProfileViewModelOld.swift in Sources */ = {isa = PBXBuildFile; fileRef = AC1F7C1D2876B53C009227CB /* ProfileViewModelOld.swift */; };
		AC1F7C202876C064009227CB /* EditUserProfile.swift in Sources */ = {isa = PBXBuildFile; fileRef = AC1F7C1F2876C064009227CB /* EditUserProfile.swift */; };
		AC1F7C222876C900009227CB /* EditProfileViewModel.swift in Sources */ = {isa = PBXBuildFile; fileRef = AC1F7C212876C900009227CB /* EditProfileViewModel.swift */; };
		AC1FF2CC28AF75BE00806CC0 /* AddStoryView.swift in Sources */ = {isa = PBXBuildFile; fileRef = AC1FF2CB28AF75BE00806CC0 /* AddStoryView.swift */; };
		AC1FF2CE28AF9AF800806CC0 /* AddStoryViewModel.swift in Sources */ = {isa = PBXBuildFile; fileRef = AC1FF2CD28AF9AF700806CC0 /* AddStoryViewModel.swift */; };
		AC2A077F2866E0DA00BB1C6D /* MessangerView.swift in Sources */ = {isa = PBXBuildFile; fileRef = AC2A077E2866E0DA00BB1C6D /* MessangerView.swift */; };
		AC2A07812866F28500BB1C6D /* MessangerViewModel.swift in Sources */ = {isa = PBXBuildFile; fileRef = AC2A07802866F28500BB1C6D /* MessangerViewModel.swift */; };
		AC2A07832866F2A400BB1C6D /* MessageModel.swift in Sources */ = {isa = PBXBuildFile; fileRef = AC2A07822866F2A400BB1C6D /* MessageModel.swift */; };
		AC2A07852866FAD100BB1C6D /* UserMessages.swift in Sources */ = {isa = PBXBuildFile; fileRef = AC2A07842866FAD000BB1C6D /* UserMessages.swift */; };
		AC2CAB072874137500BEEB3C /* CommentsViewModel.swift in Sources */ = {isa = PBXBuildFile; fileRef = AC2CAB062874137400BEEB3C /* CommentsViewModel.swift */; };
		AC2CAB0C2874569700BEEB3C /* BottomSheetViewModel.swift in Sources */ = {isa = PBXBuildFile; fileRef = AC2CAB0B2874569700BEEB3C /* BottomSheetViewModel.swift */; };
		AC4039222870387900B9A762 /* Test.swift in Sources */ = {isa = PBXBuildFile; fileRef = AC4039212870387900B9A762 /* Test.swift */; };
		AC43BEF128717F16006BCFCC /* UIDefaultAvatar.swift in Sources */ = {isa = PBXBuildFile; fileRef = AC43BEF028717F16006BCFCC /* UIDefaultAvatar.swift */; };
		AC54C2FB28B3661900D8CF2C /* ImageCropperViewModel.swift in Sources */ = {isa = PBXBuildFile; fileRef = AC54C2FA28B3661900D8CF2C /* ImageCropperViewModel.swift */; };
		AC5F902728928B1400D05254 /* AlbumsViewModel.swift in Sources */ = {isa = PBXBuildFile; fileRef = AC5F902628928B1400D05254 /* AlbumsViewModel.swift */; };
		AC5F902C2892BDC800D05254 /* UISheetPresentationControllerCustomDetent in Frameworks */ = {isa = PBXBuildFile; productRef = AC5F902B2892BDC800D05254 /* UISheetPresentationControllerCustomDetent */; };
		AC5F902E2892BDC800D05254 /* UISheetPresentationControllerCustomDetentObjc in Frameworks */ = {isa = PBXBuildFile; productRef = AC5F902D2892BDC800D05254 /* UISheetPresentationControllerCustomDetentObjc */; };
		AC5F90302892C14200D05254 /* SavePostViewModel.swift in Sources */ = {isa = PBXBuildFile; fileRef = AC5F902F2892C14200D05254 /* SavePostViewModel.swift */; };
		AC5F90322892C40600D05254 /* UIVIewToast.swift in Sources */ = {isa = PBXBuildFile; fileRef = AC5F90312892C40600D05254 /* UIVIewToast.swift */; };
		AC6DCDEB2867652D0051106B /* UIUserStory.swift in Sources */ = {isa = PBXBuildFile; fileRef = AC6DCDEA2867652C0051106B /* UIUserStory.swift */; };
		AC8E24F328B0BBD8001486FC /* CameraController.swift in Sources */ = {isa = PBXBuildFile; fileRef = AC8E24F228B0BBD8001486FC /* CameraController.swift */; };
		AC8E24F528B0DA60001486FC /* AppNotificationCenter.swift in Sources */ = {isa = PBXBuildFile; fileRef = AC8E24F428B0DA60001486FC /* AppNotificationCenter.swift */; };
		AC8E24F828B0DAE0001486FC /* PostActionsSheet.swift in Sources */ = {isa = PBXBuildFile; fileRef = AC8E24F728B0DAE0001486FC /* PostActionsSheet.swift */; };
		AC8E24FA28B0DEE9001486FC /* NotificationConstants.swift in Sources */ = {isa = PBXBuildFile; fileRef = AC8E24F928B0DEE9001486FC /* NotificationConstants.swift */; };
		AC8E24FC28B10045001486FC /* UIBottomSheet.swift in Sources */ = {isa = PBXBuildFile; fileRef = AC8E24FB28B10045001486FC /* UIBottomSheet.swift */; };
		AC8E24FF28B119EB001486FC /* RemovePostViewModel.swift in Sources */ = {isa = PBXBuildFile; fileRef = AC8E24FE28B119EB001486FC /* RemovePostViewModel.swift */; };
		AC8E250128B11D3C001486FC /* EmptyFeedView.swift in Sources */ = {isa = PBXBuildFile; fileRef = AC8E250028B11D3B001486FC /* EmptyFeedView.swift */; };
		AC8E250328B1270E001486FC /* AddPublicationSheet.swift in Sources */ = {isa = PBXBuildFile; fileRef = AC8E250228B1270D001486FC /* AddPublicationSheet.swift */; };
		AC8E250528B12AA8001486FC /* DashboardView.swift in Sources */ = {isa = PBXBuildFile; fileRef = AC8E250428B12AA8001486FC /* DashboardView.swift */; };
		AC8E250728B12B54001486FC /* UITabBar.swift in Sources */ = {isa = PBXBuildFile; fileRef = AC8E250628B12B54001486FC /* UITabBar.swift */; };
		ACACBDF0287A41A300DF7171 /* AssetModel.swift in Sources */ = {isa = PBXBuildFile; fileRef = ACACBDEF287A41A300DF7171 /* AssetModel.swift */; };
		ACBE7A6F28926CC800F76D93 /* AddAlbumViewModel.swift in Sources */ = {isa = PBXBuildFile; fileRef = ACBE7A6E28926CC800F76D93 /* AddAlbumViewModel.swift */; };
		ACBE7A7128926D2000F76D93 /* AlbumModel.swift in Sources */ = {isa = PBXBuildFile; fileRef = ACBE7A7028926D2000F76D93 /* AlbumModel.swift */; };
		ACC1DE1C28946A73008A3932 /* Constants.swift in Sources */ = {isa = PBXBuildFile; fileRef = ACC1DE1B28946A73008A3932 /* Constants.swift */; };
		ACC1DE1E289485DC008A3932 /* SavedPostsViewModel.swift in Sources */ = {isa = PBXBuildFile; fileRef = ACC1DE1D289485DC008A3932 /* SavedPostsViewModel.swift */; };
		ACC1DE232895070A008A3932 /* YourActivityView.swift in Sources */ = {isa = PBXBuildFile; fileRef = ACC1DE2228950709008A3932 /* YourActivityView.swift */; };
		ACC1DE2528951483008A3932 /* InterestingPeople.swift in Sources */ = {isa = PBXBuildFile; fileRef = ACC1DE2428951483008A3932 /* InterestingPeople.swift */; };
		ACC21A5D2862EC9400AF8B0D /* scrolloApp.swift in Sources */ = {isa = PBXBuildFile; fileRef = ACC21A5C2862EC9400AF8B0D /* scrolloApp.swift */; };
		ACC21A5F2862EC9400AF8B0D /* ContentView.swift in Sources */ = {isa = PBXBuildFile; fileRef = ACC21A5E2862EC9400AF8B0D /* ContentView.swift */; };
		ACC21A612862EC9B00AF8B0D /* Assets.xcassets in Resources */ = {isa = PBXBuildFile; fileRef = ACC21A602862EC9B00AF8B0D /* Assets.xcassets */; };
		ACC21A642862EC9B00AF8B0D /* Preview Assets.xcassets in Resources */ = {isa = PBXBuildFile; fileRef = ACC21A632862EC9B00AF8B0D /* Preview Assets.xcassets */; };
		ACC21A662862EC9B00AF8B0D /* Persistence.swift in Sources */ = {isa = PBXBuildFile; fileRef = ACC21A652862EC9B00AF8B0D /* Persistence.swift */; };
		ACC21A692862EC9B00AF8B0D /* scrollo.xcdatamodeld in Sources */ = {isa = PBXBuildFile; fileRef = ACC21A672862EC9B00AF8B0D /* scrollo.xcdatamodeld */; };
		ACC21A732862EC9C00AF8B0D /* scrolloTests.swift in Sources */ = {isa = PBXBuildFile; fileRef = ACC21A722862EC9C00AF8B0D /* scrolloTests.swift */; };
		ACC21A7D2862EC9C00AF8B0D /* scrolloUITests.swift in Sources */ = {isa = PBXBuildFile; fileRef = ACC21A7C2862EC9C00AF8B0D /* scrolloUITests.swift */; };
		ACC21A7F2862EC9C00AF8B0D /* scrolloUITestsLaunchTests.swift in Sources */ = {isa = PBXBuildFile; fileRef = ACC21A7E2862EC9C00AF8B0D /* scrolloUITestsLaunchTests.swift */; };
		ACC21A912862EDE800AF8B0D /* Scrollo.swift in Sources */ = {isa = PBXBuildFile; fileRef = ACC21A902862EDE800AF8B0D /* Scrollo.swift */; };
		ACC21A952862EF3600AF8B0D /* Extension.swift in Sources */ = {isa = PBXBuildFile; fileRef = ACC21A942862EF3600AF8B0D /* Extension.swift */; };
		ACC21A972862F33400AF8B0D /* CustomCorner.swift in Sources */ = {isa = PBXBuildFile; fileRef = ACC21A962862F33300AF8B0D /* CustomCorner.swift */; };
		ACC21A992863045400AF8B0D /* OTPViewModel.swift in Sources */ = {isa = PBXBuildFile; fileRef = ACC21A982863045400AF8B0D /* OTPViewModel.swift */; };
		ACC21A9B2863081B00AF8B0D /* KeyboardHelper.swift in Sources */ = {isa = PBXBuildFile; fileRef = ACC21A9A2863081B00AF8B0D /* KeyboardHelper.swift */; };
		ACC21A9D28630FA200AF8B0D /* SignInViewModel.swift in Sources */ = {isa = PBXBuildFile; fileRef = ACC21A9C28630FA200AF8B0D /* SignInViewModel.swift */; };
		ACC21AA028630FFD00AF8B0D /* LoginView.swift in Sources */ = {isa = PBXBuildFile; fileRef = ACC21A9F28630FFD00AF8B0D /* LoginView.swift */; };
		ACC21AA22863103700AF8B0D /* SignInView.swift in Sources */ = {isa = PBXBuildFile; fileRef = ACC21AA12863103700AF8B0D /* SignInView.swift */; };
		ACC21AA42863104C00AF8B0D /* SignUpView.swift in Sources */ = {isa = PBXBuildFile; fileRef = ACC21AA32863104C00AF8B0D /* SignUpView.swift */; };
		ACC21AA62863107B00AF8B0D /* Api.swift in Sources */ = {isa = PBXBuildFile; fileRef = ACC21AA52863107B00AF8B0D /* Api.swift */; };
		ACC21AA8286310A300AF8B0D /* Request.swift in Sources */ = {isa = PBXBuildFile; fileRef = ACC21AA7286310A300AF8B0D /* Request.swift */; };
		ACC21AAA2863113D00AF8B0D /* UserModel.swift in Sources */ = {isa = PBXBuildFile; fileRef = ACC21AA92863113D00AF8B0D /* UserModel.swift */; };
		ACC21AAE28631DC700AF8B0D /* HomeView.swift in Sources */ = {isa = PBXBuildFile; fileRef = ACC21AAD28631DC600AF8B0D /* HomeView.swift */; };
		ACC21AB028631DF900AF8B0D /* StoryView.swift in Sources */ = {isa = PBXBuildFile; fileRef = ACC21AAF28631DF900AF8B0D /* StoryView.swift */; };
		ACC21AB22863219B00AF8B0D /* ActivitiesView.swift in Sources */ = {isa = PBXBuildFile; fileRef = ACC21AB12863219B00AF8B0D /* ActivitiesView.swift */; };
		ACC21ABC2863230200AF8B0D /* gotham_medium.ttf in Resources */ = {isa = PBXBuildFile; fileRef = ACC21AB42863230200AF8B0D /* gotham_medium.ttf */; };
		ACC21ABD2863230200AF8B0D /* gotham_bold.ttf in Resources */ = {isa = PBXBuildFile; fileRef = ACC21AB52863230200AF8B0D /* gotham_bold.ttf */; };
		ACC21ABE2863230200AF8B0D /* gotham_book.ttf in Resources */ = {isa = PBXBuildFile; fileRef = ACC21AB62863230200AF8B0D /* gotham_book.ttf */; };
		ACC21ABF2863230200AF8B0D /* gotham_thin_italic.ttf in Resources */ = {isa = PBXBuildFile; fileRef = ACC21AB72863230200AF8B0D /* gotham_thin_italic.ttf */; };
		ACC21AC02863230200AF8B0D /* gotham_black.ttf in Resources */ = {isa = PBXBuildFile; fileRef = ACC21AB82863230200AF8B0D /* gotham_black.ttf */; };
		ACC21AC12863230200AF8B0D /* gotham_thin.ttf in Resources */ = {isa = PBXBuildFile; fileRef = ACC21AB92863230200AF8B0D /* gotham_thin.ttf */; };
		ACC21AC22863230200AF8B0D /* gotham_xlight.ttf in Resources */ = {isa = PBXBuildFile; fileRef = ACC21ABA2863230200AF8B0D /* gotham_xlight.ttf */; };
		ACC21AC32863230200AF8B0D /* gotham_light.ttf in Resources */ = {isa = PBXBuildFile; fileRef = ACC21ABB2863230200AF8B0D /* gotham_light.ttf */; };
		ACC21AC52863235200AF8B0D /* Fonts.swift in Sources */ = {isa = PBXBuildFile; fileRef = ACC21AC42863235200AF8B0D /* Fonts.swift */; };
		ACC21AC7286327AD00AF8B0D /* FeedView.swift in Sources */ = {isa = PBXBuildFile; fileRef = ACC21AC6286327AD00AF8B0D /* FeedView.swift */; };
		ACC21AC9286327D100AF8B0D /* StoryModel.swift in Sources */ = {isa = PBXBuildFile; fileRef = ACC21AC8286327D100AF8B0D /* StoryModel.swift */; };
		ACC21ACB2863280C00AF8B0D /* StoryViewModel.swift in Sources */ = {isa = PBXBuildFile; fileRef = ACC21ACA2863280C00AF8B0D /* StoryViewModel.swift */; };
		ACC21ACE28632EE700AF8B0D /* SDWebImageSwiftUI in Frameworks */ = {isa = PBXBuildFile; productRef = ACC21ACD28632EE700AF8B0D /* SDWebImageSwiftUI */; };
		ACC21AD02863340700AF8B0D /* FeedPostViewModel.swift in Sources */ = {isa = PBXBuildFile; fileRef = ACC21ACF2863340700AF8B0D /* FeedPostViewModel.swift */; };
		ACC21AD22863344B00AF8B0D /* PostModel.swift in Sources */ = {isa = PBXBuildFile; fileRef = ACC21AD12863344B00AF8B0D /* PostModel.swift */; };
		ACC21AD728633DEC00AF8B0D /* TextWithHashtags.swift in Sources */ = {isa = PBXBuildFile; fileRef = ACC21AD628633DEC00AF8B0D /* TextWithHashtags.swift */; };
		ACC21AD928634CDE00AF8B0D /* UIRefreshable.swift in Sources */ = {isa = PBXBuildFile; fileRef = ACC21AD828634CDD00AF8B0D /* UIRefreshable.swift */; };
		ACC21ADC2863503100AF8B0D /* Introspect in Frameworks */ = {isa = PBXBuildFile; productRef = ACC21ADB2863503100AF8B0D /* Introspect */; };
		ACC21ADE286357F000AF8B0D /* VideoThumbnailViewModel.swift in Sources */ = {isa = PBXBuildFile; fileRef = ACC21ADD286357F000AF8B0D /* VideoThumbnailViewModel.swift */; };
		ACC21AE02863587700AF8B0D /* UIAVPlayerControllerRepresented.swift in Sources */ = {isa = PBXBuildFile; fileRef = ACC21ADF2863587700AF8B0D /* UIAVPlayerControllerRepresented.swift */; };
		ACC21AE22863914400AF8B0D /* SearchView.swift in Sources */ = {isa = PBXBuildFile; fileRef = ACC21AE12863914400AF8B0D /* SearchView.swift */; };
		ACC21AE42863A1EB00AF8B0D /* SearchViewModel.swift in Sources */ = {isa = PBXBuildFile; fileRef = ACC21AE32863A1E700AF8B0D /* SearchViewModel.swift */; };
		ACC21AE628644A2400AF8B0D /* SearchHistoryViewModel.swift in Sources */ = {isa = PBXBuildFile; fileRef = ACC21AE528644A2300AF8B0D /* SearchHistoryViewModel.swift */; };
		ACC21AEB2864637B00AF8B0D /* DBManager.swift in Sources */ = {isa = PBXBuildFile; fileRef = ACC21AEA2864637B00AF8B0D /* DBManager.swift */; };
		ACC21AED2864834200AF8B0D /* RecentUserSearchQueries.swift in Sources */ = {isa = PBXBuildFile; fileRef = ACC21AEC2864834200AF8B0D /* RecentUserSearchQueries.swift */; };
		ACDB88E72879C04800C6F1B2 /* PublicationTextPostView.swift in Sources */ = {isa = PBXBuildFile; fileRef = ACDB88E62879C04800C6F1B2 /* PublicationTextPostView.swift */; };
		ACDB88E92879C0A400C6F1B2 /* AddTextPostViewModel.swift in Sources */ = {isa = PBXBuildFile; fileRef = ACDB88E82879C0A400C6F1B2 /* AddTextPostViewModel.swift */; };
		ACDB88EB2879CAFB00C6F1B2 /* PublicationViewModel.swift in Sources */ = {isa = PBXBuildFile; fileRef = ACDB88EA2879CAFB00C6F1B2 /* PublicationViewModel.swift */; };
		ACDB88EE2879D68800C6F1B2 /* PublicationMediaPostView.swift in Sources */ = {isa = PBXBuildFile; fileRef = ACDB88ED2879D68800C6F1B2 /* PublicationMediaPostView.swift */; };
		ACDB88F02879D6A000C6F1B2 /* AddMediaPostViewModel.swift in Sources */ = {isa = PBXBuildFile; fileRef = ACDB88EF2879D6A000C6F1B2 /* AddMediaPostViewModel.swift */; };
		ACE44F61287A6BD6002D0BB1 /* NotifyViewModel.swift in Sources */ = {isa = PBXBuildFile; fileRef = ACE44F60287A6BD6002D0BB1 /* NotifyViewModel.swift */; };
		ACEB90012892D61D0096110D /* ToastViewModel.swift in Sources */ = {isa = PBXBuildFile; fileRef = ACEB90002892D61D0096110D /* ToastViewModel.swift */; };
		ACEB90042892F6FD0096110D /* UIViewStandartPost.swift in Sources */ = {isa = PBXBuildFile; fileRef = ACEB90032892F6FD0096110D /* UIViewStandartPost.swift */; };
		ACEB90062892F7120096110D /* PostHeaderView.swift in Sources */ = {isa = PBXBuildFile; fileRef = ACEB90052892F7120096110D /* PostHeaderView.swift */; };
		ACEB90082892F8C20096110D /* PostFooterView.swift in Sources */ = {isa = PBXBuildFile; fileRef = ACEB90072892F8C20096110D /* PostFooterView.swift */; };
		ACEB900A2892FA720096110D /* TruncateTextView.swift in Sources */ = {isa = PBXBuildFile; fileRef = ACEB90092892FA720096110D /* TruncateTextView.swift */; };
		ACEB900C2892FADC0096110D /* PostMediaCarouselView.swift in Sources */ = {isa = PBXBuildFile; fileRef = ACEB900B2892FADC0096110D /* PostMediaCarouselView.swift */; };
		ACEB900E2892FBB80096110D /* UIViewTextPost.swift in Sources */ = {isa = PBXBuildFile; fileRef = ACEB900D2892FBB80096110D /* UIViewTextPost.swift */; };
		ACEB90112892FE8C0096110D /* LikePostViewModel.swift in Sources */ = {isa = PBXBuildFile; fileRef = ACEB90102892FE8C0096110D /* LikePostViewModel.swift */; };
		ACEB90142892FF8E0096110D /* FeedHeaderView.swift in Sources */ = {isa = PBXBuildFile; fileRef = ACEB90132892FF8E0096110D /* FeedHeaderView.swift */; };
		ACEB90162892FFBC0096110D /* FeedStoryView.swift in Sources */ = {isa = PBXBuildFile; fileRef = ACEB90152892FFBC0096110D /* FeedStoryView.swift */; };
		ACEB9018289300280096110D /* FeedPostsView.swift in Sources */ = {isa = PBXBuildFile; fileRef = ACEB9017289300280096110D /* FeedPostsView.swift */; };
		ACEB901A289300FA0096110D /* ProbablyFamiliarView.swift in Sources */ = {isa = PBXBuildFile; fileRef = ACEB9019289300FA0096110D /* ProbablyFamiliarView.swift */; };
		ACEB901D289311D50096110D /* StoriesListView.swift in Sources */ = {isa = PBXBuildFile; fileRef = ACEB901C289311D50096110D /* StoriesListView.swift */; };
		ACEB901F2893149B0096110D /* DislikePostViewModel.swift in Sources */ = {isa = PBXBuildFile; fileRef = ACEB901E2893149A0096110D /* DislikePostViewModel.swift */; };
		ACEB9021289324BD0096110D /* SavedPostSheetView.swift in Sources */ = {isa = PBXBuildFile; fileRef = ACEB9020289324BD0096110D /* SavedPostSheetView.swift */; };
		ACEB9024289332700096110D /* PostDetailView.swift in Sources */ = {isa = PBXBuildFile; fileRef = ACEB9023289332700096110D /* PostDetailView.swift */; };
		ACEB9026289332E40096110D /* PostDetailFooterView.swift in Sources */ = {isa = PBXBuildFile; fileRef = ACEB9025289332E40096110D /* PostDetailFooterView.swift */; };
		ACEB9028289334C50096110D /* UserLikedPostView.swift in Sources */ = {isa = PBXBuildFile; fileRef = ACEB9027289334C50096110D /* UserLikedPostView.swift */; };
		ACEB902A289335190096110D /* ShareUsersPost.swift in Sources */ = {isa = PBXBuildFile; fileRef = ACEB9029289335190096110D /* ShareUsersPost.swift */; };
		ACEB902F289352A10096110D /* CommentsView.swift.swift in Sources */ = {isa = PBXBuildFile; fileRef = ACEB902E289352A10096110D /* CommentsView.swift.swift */; };
		ACEB9031289353140096110D /* EmojiListView.swift in Sources */ = {isa = PBXBuildFile; fileRef = ACEB9030289353140096110D /* EmojiListView.swift */; };
		ACEB9033289353520096110D /* CommentsHeaderView.swift in Sources */ = {isa = PBXBuildFile; fileRef = ACEB9032289353520096110D /* CommentsHeaderView.swift */; };
		ACEB9035289353B50096110D /* CommentsFooterView.swift in Sources */ = {isa = PBXBuildFile; fileRef = ACEB9034289353B50096110D /* CommentsFooterView.swift */; };
		ACEB90382893DDA60096110D /* ProfileView.swift in Sources */ = {isa = PBXBuildFile; fileRef = ACEB90372893DDA60096110D /* ProfileView.swift */; };
		ACEB903B2893DE170096110D /* ProfileViewModel.swift in Sources */ = {isa = PBXBuildFile; fileRef = ACEB903A2893DE170096110D /* ProfileViewModel.swift */; };
		ACEB903D2893E1E00096110D /* StickyHeader.swift in Sources */ = {isa = PBXBuildFile; fileRef = ACEB903C2893E1DF0096110D /* StickyHeader.swift */; };
		ACEB903F2893E2440096110D /* FollowInfoView.swift in Sources */ = {isa = PBXBuildFile; fileRef = ACEB903E2893E2440096110D /* FollowInfoView.swift */; };
		ACEB90412893E29A0096110D /* UserInfoView.swift in Sources */ = {isa = PBXBuildFile; fileRef = ACEB90402893E29A0096110D /* UserInfoView.swift */; };
		ACEB90432893EAC70096110D /* PostViewModel.swift in Sources */ = {isa = PBXBuildFile; fileRef = ACEB90422893EAC70096110D /* PostViewModel.swift */; };
		ACEB9046289439820096110D /* PostCompositionView.swift in Sources */ = {isa = PBXBuildFile; fileRef = ACEB9045289439820096110D /* PostCompositionView.swift */; };
		ACEB9048289439D10096110D /* CompositionStack.swift in Sources */ = {isa = PBXBuildFile; fileRef = ACEB9047289439D10096110D /* CompositionStack.swift */; };
		ACEB904A289439F50096110D /* CompositionColumn.swift in Sources */ = {isa = PBXBuildFile; fileRef = ACEB9049289439F50096110D /* CompositionColumn.swift */; };
		ACEB904C28943A4D0096110D /* UIPostCompositionView.swift in Sources */ = {isa = PBXBuildFile; fileRef = ACEB904B28943A4D0096110D /* UIPostCompositionView.swift */; };
		ACEB904E28943D780096110D /* FollowUserControll.swift in Sources */ = {isa = PBXBuildFile; fileRef = ACEB904D28943D780096110D /* FollowUserControll.swift */; };
		ACEE4F31287E040500C464D6 /* CreateThumbnailFromVideo.swift in Sources */ = {isa = PBXBuildFile; fileRef = ACEE4F30287E040500C464D6 /* CreateThumbnailFromVideo.swift */; };
/* End PBXBuildFile section */

/* Begin PBXContainerItemProxy section */
		ACC21A6F2862EC9C00AF8B0D /* PBXContainerItemProxy */ = {
			isa = PBXContainerItemProxy;
			containerPortal = ACC21A512862EC9400AF8B0D /* Project object */;
			proxyType = 1;
			remoteGlobalIDString = ACC21A582862EC9400AF8B0D;
			remoteInfo = scrollo;
		};
		ACC21A792862EC9C00AF8B0D /* PBXContainerItemProxy */ = {
			isa = PBXContainerItemProxy;
			containerPortal = ACC21A512862EC9400AF8B0D /* Project object */;
			proxyType = 1;
			remoteGlobalIDString = ACC21A582862EC9400AF8B0D;
			remoteInfo = scrollo;
		};
/* End PBXContainerItemProxy section */

/* Begin PBXFileReference section */
		AC01EB22287B1BB90026FC29 /* VideoRecordingView.swift */ = {isa = PBXFileReference; lastKnownFileType = sourcecode.swift; path = VideoRecordingView.swift; sourceTree = "<group>"; };
		AC05854928B1646500BB982A /* SettingsSheet.swift */ = {isa = PBXFileReference; lastKnownFileType = sourcecode.swift; path = SettingsSheet.swift; sourceTree = "<group>"; };
		AC05854C28B1953900BB982A /* ActualStoryView.swift */ = {isa = PBXFileReference; lastKnownFileType = sourcecode.swift; path = ActualStoryView.swift; sourceTree = "<group>"; };
		AC05854E28B1A23C00BB982A /* ActualStoryCoverView.swift */ = {isa = PBXFileReference; lastKnownFileType = sourcecode.swift; path = ActualStoryCoverView.swift; sourceTree = "<group>"; };
		AC05855028B1B02F00BB982A /* ActualStoryCoverCropperView.swift */ = {isa = PBXFileReference; lastKnownFileType = sourcecode.swift; path = ActualStoryCoverCropperView.swift; sourceTree = "<group>"; };
		AC0E252128709B9B00AFB2F2 /* CommentsView.swift */ = {isa = PBXFileReference; lastKnownFileType = sourcecode.swift; path = CommentsView.swift; sourceTree = "<group>"; };
		AC101014287835F70014E13B /* ImagePickerView.swift */ = {isa = PBXFileReference; lastKnownFileType = sourcecode.swift; path = ImagePickerView.swift; sourceTree = "<group>"; };
		AC10101728783E390014E13B /* SettingsView.swift */ = {isa = PBXFileReference; lastKnownFileType = sourcecode.swift; path = SettingsView.swift; sourceTree = "<group>"; };
		AC101019287841D00014E13B /* AccountView.swift */ = {isa = PBXFileReference; lastKnownFileType = sourcecode.swift; path = AccountView.swift; sourceTree = "<group>"; };
		AC10101B287843560014E13B /* AccountViewModel.swift */ = {isa = PBXFileReference; lastKnownFileType = sourcecode.swift; path = AccountViewModel.swift; sourceTree = "<group>"; };
		AC10101D2878497C0014E13B /* SafetyView.swift */ = {isa = PBXFileReference; lastKnownFileType = sourcecode.swift; path = SafetyView.swift; sourceTree = "<group>"; };
		AC10101F28784A150014E13B /* ChangePassword.swift */ = {isa = PBXFileReference; lastKnownFileType = sourcecode.swift; path = ChangePassword.swift; sourceTree = "<group>"; };
		AC10102128784B300014E13B /* ChangePasswordViewModel.swift */ = {isa = PBXFileReference; lastKnownFileType = sourcecode.swift; path = ChangePasswordViewModel.swift; sourceTree = "<group>"; };
		AC101023287856290014E13B /* NotifySettingsViewModel.swift */ = {isa = PBXFileReference; lastKnownFileType = sourcecode.swift; path = NotifySettingsViewModel.swift; sourceTree = "<group>"; };
		AC101025287856A30014E13B /* NotifyModel.swift */ = {isa = PBXFileReference; lastKnownFileType = sourcecode.swift; path = NotifyModel.swift; sourceTree = "<group>"; };
		AC101027287857F30014E13B /* NotifyView.swift */ = {isa = PBXFileReference; lastKnownFileType = sourcecode.swift; path = NotifyView.swift; sourceTree = "<group>"; };
		AC101029287861D70014E13B /* ConfidentialityView.swift */ = {isa = PBXFileReference; lastKnownFileType = sourcecode.swift; path = ConfidentialityView.swift; sourceTree = "<group>"; };
		AC10102B2878624A0014E13B /* ConfidentialityViewModel.swift */ = {isa = PBXFileReference; lastKnownFileType = sourcecode.swift; path = ConfidentialityViewModel.swift; sourceTree = "<group>"; };
		AC10102D287863B90014E13B /* ConfidentialityModel.swift */ = {isa = PBXFileReference; lastKnownFileType = sourcecode.swift; path = ConfidentialityModel.swift; sourceTree = "<group>"; };
		AC1010302878690F0014E13B /* SavedView.swift */ = {isa = PBXFileReference; lastKnownFileType = sourcecode.swift; path = SavedView.swift; sourceTree = "<group>"; };
		AC1010322878695A0014E13B /* SavedMediaAlbumView.swift */ = {isa = PBXFileReference; lastKnownFileType = sourcecode.swift; path = SavedMediaAlbumView.swift; sourceTree = "<group>"; };
		AC101034287982DF0014E13B /* SignUpViewModel.swift */ = {isa = PBXFileReference; lastKnownFileType = sourcecode.swift; path = SignUpViewModel.swift; sourceTree = "<group>"; };
		AC101036287983860014E13B /* AlertModel.swift */ = {isa = PBXFileReference; lastKnownFileType = sourcecode.swift; path = AlertModel.swift; sourceTree = "<group>"; };
		AC1F7C1B2876B438009227CB /* RoundedEdge.swift */ = {isa = PBXFileReference; lastKnownFileType = sourcecode.swift; path = RoundedEdge.swift; sourceTree = "<group>"; };
		AC1F7C1D2876B53C009227CB /* ProfileViewModelOld.swift */ = {isa = PBXFileReference; lastKnownFileType = sourcecode.swift; path = ProfileViewModelOld.swift; sourceTree = "<group>"; };
		AC1F7C1F2876C064009227CB /* EditUserProfile.swift */ = {isa = PBXFileReference; lastKnownFileType = sourcecode.swift; path = EditUserProfile.swift; sourceTree = "<group>"; };
		AC1F7C212876C900009227CB /* EditProfileViewModel.swift */ = {isa = PBXFileReference; lastKnownFileType = sourcecode.swift; path = EditProfileViewModel.swift; sourceTree = "<group>"; };
		AC1FF2CB28AF75BE00806CC0 /* AddStoryView.swift */ = {isa = PBXFileReference; lastKnownFileType = sourcecode.swift; path = AddStoryView.swift; sourceTree = "<group>"; };
		AC1FF2CD28AF9AF700806CC0 /* AddStoryViewModel.swift */ = {isa = PBXFileReference; lastKnownFileType = sourcecode.swift; path = AddStoryViewModel.swift; sourceTree = "<group>"; };
		AC2A077E2866E0DA00BB1C6D /* MessangerView.swift */ = {isa = PBXFileReference; lastKnownFileType = sourcecode.swift; path = MessangerView.swift; sourceTree = "<group>"; };
		AC2A07802866F28500BB1C6D /* MessangerViewModel.swift */ = {isa = PBXFileReference; lastKnownFileType = sourcecode.swift; path = MessangerViewModel.swift; sourceTree = "<group>"; };
		AC2A07822866F2A400BB1C6D /* MessageModel.swift */ = {isa = PBXFileReference; lastKnownFileType = sourcecode.swift; path = MessageModel.swift; sourceTree = "<group>"; };
		AC2A07842866FAD000BB1C6D /* UserMessages.swift */ = {isa = PBXFileReference; lastKnownFileType = sourcecode.swift; path = UserMessages.swift; sourceTree = "<group>"; };
		AC2CAB062874137400BEEB3C /* CommentsViewModel.swift */ = {isa = PBXFileReference; lastKnownFileType = sourcecode.swift; path = CommentsViewModel.swift; sourceTree = "<group>"; };
		AC2CAB0B2874569700BEEB3C /* BottomSheetViewModel.swift */ = {isa = PBXFileReference; lastKnownFileType = sourcecode.swift; path = BottomSheetViewModel.swift; sourceTree = "<group>"; };
		AC4039212870387900B9A762 /* Test.swift */ = {isa = PBXFileReference; lastKnownFileType = sourcecode.swift; path = Test.swift; sourceTree = "<group>"; };
		AC43BEF028717F16006BCFCC /* UIDefaultAvatar.swift */ = {isa = PBXFileReference; lastKnownFileType = sourcecode.swift; path = UIDefaultAvatar.swift; sourceTree = "<group>"; };
		AC54C2FA28B3661900D8CF2C /* ImageCropperViewModel.swift */ = {isa = PBXFileReference; lastKnownFileType = sourcecode.swift; path = ImageCropperViewModel.swift; sourceTree = "<group>"; };
		AC5F902628928B1400D05254 /* AlbumsViewModel.swift */ = {isa = PBXFileReference; lastKnownFileType = sourcecode.swift; path = AlbumsViewModel.swift; sourceTree = "<group>"; };
		AC5F902F2892C14200D05254 /* SavePostViewModel.swift */ = {isa = PBXFileReference; lastKnownFileType = sourcecode.swift; path = SavePostViewModel.swift; sourceTree = "<group>"; };
		AC5F90312892C40600D05254 /* UIVIewToast.swift */ = {isa = PBXFileReference; lastKnownFileType = sourcecode.swift; path = UIVIewToast.swift; sourceTree = "<group>"; };
		AC6DCDEA2867652C0051106B /* UIUserStory.swift */ = {isa = PBXFileReference; lastKnownFileType = sourcecode.swift; path = UIUserStory.swift; sourceTree = "<group>"; };
		AC75B632287D858C00BA1875 /* Info.plist */ = {isa = PBXFileReference; fileEncoding = 4; lastKnownFileType = text.plist.xml; path = Info.plist; sourceTree = "<group>"; };
		AC8E24F228B0BBD8001486FC /* CameraController.swift */ = {isa = PBXFileReference; lastKnownFileType = sourcecode.swift; path = CameraController.swift; sourceTree = "<group>"; };
		AC8E24F428B0DA60001486FC /* AppNotificationCenter.swift */ = {isa = PBXFileReference; lastKnownFileType = sourcecode.swift; path = AppNotificationCenter.swift; sourceTree = "<group>"; };
		AC8E24F728B0DAE0001486FC /* PostActionsSheet.swift */ = {isa = PBXFileReference; lastKnownFileType = sourcecode.swift; path = PostActionsSheet.swift; sourceTree = "<group>"; };
		AC8E24F928B0DEE9001486FC /* NotificationConstants.swift */ = {isa = PBXFileReference; lastKnownFileType = sourcecode.swift; path = NotificationConstants.swift; sourceTree = "<group>"; };
		AC8E24FB28B10045001486FC /* UIBottomSheet.swift */ = {isa = PBXFileReference; lastKnownFileType = sourcecode.swift; path = UIBottomSheet.swift; sourceTree = "<group>"; };
		AC8E24FE28B119EB001486FC /* RemovePostViewModel.swift */ = {isa = PBXFileReference; lastKnownFileType = sourcecode.swift; path = RemovePostViewModel.swift; sourceTree = "<group>"; };
		AC8E250028B11D3B001486FC /* EmptyFeedView.swift */ = {isa = PBXFileReference; lastKnownFileType = sourcecode.swift; path = EmptyFeedView.swift; sourceTree = "<group>"; };
		AC8E250228B1270D001486FC /* AddPublicationSheet.swift */ = {isa = PBXFileReference; lastKnownFileType = sourcecode.swift; path = AddPublicationSheet.swift; sourceTree = "<group>"; };
		AC8E250428B12AA8001486FC /* DashboardView.swift */ = {isa = PBXFileReference; lastKnownFileType = sourcecode.swift; path = DashboardView.swift; sourceTree = "<group>"; };
		AC8E250628B12B54001486FC /* UITabBar.swift */ = {isa = PBXFileReference; lastKnownFileType = sourcecode.swift; path = UITabBar.swift; sourceTree = "<group>"; };
		ACACBDEF287A41A300DF7171 /* AssetModel.swift */ = {isa = PBXFileReference; lastKnownFileType = sourcecode.swift; path = AssetModel.swift; sourceTree = "<group>"; };
		ACBE7A6E28926CC800F76D93 /* AddAlbumViewModel.swift */ = {isa = PBXFileReference; lastKnownFileType = sourcecode.swift; path = AddAlbumViewModel.swift; sourceTree = "<group>"; };
		ACBE7A7028926D2000F76D93 /* AlbumModel.swift */ = {isa = PBXFileReference; lastKnownFileType = sourcecode.swift; path = AlbumModel.swift; sourceTree = "<group>"; };
		ACC1DE1B28946A73008A3932 /* Constants.swift */ = {isa = PBXFileReference; lastKnownFileType = sourcecode.swift; path = Constants.swift; sourceTree = "<group>"; };
		ACC1DE1D289485DC008A3932 /* SavedPostsViewModel.swift */ = {isa = PBXFileReference; lastKnownFileType = sourcecode.swift; path = SavedPostsViewModel.swift; sourceTree = "<group>"; };
		ACC1DE2228950709008A3932 /* YourActivityView.swift */ = {isa = PBXFileReference; lastKnownFileType = sourcecode.swift; path = YourActivityView.swift; sourceTree = "<group>"; };
		ACC1DE2428951483008A3932 /* InterestingPeople.swift */ = {isa = PBXFileReference; lastKnownFileType = sourcecode.swift; path = InterestingPeople.swift; sourceTree = "<group>"; };
		ACC21A592862EC9400AF8B0D /* scrollo.app */ = {isa = PBXFileReference; explicitFileType = wrapper.application; includeInIndex = 0; path = scrollo.app; sourceTree = BUILT_PRODUCTS_DIR; };
		ACC21A5C2862EC9400AF8B0D /* scrolloApp.swift */ = {isa = PBXFileReference; lastKnownFileType = sourcecode.swift; path = scrolloApp.swift; sourceTree = "<group>"; };
		ACC21A5E2862EC9400AF8B0D /* ContentView.swift */ = {isa = PBXFileReference; lastKnownFileType = sourcecode.swift; path = ContentView.swift; sourceTree = "<group>"; };
		ACC21A602862EC9B00AF8B0D /* Assets.xcassets */ = {isa = PBXFileReference; lastKnownFileType = folder.assetcatalog; path = Assets.xcassets; sourceTree = "<group>"; };
		ACC21A632862EC9B00AF8B0D /* Preview Assets.xcassets */ = {isa = PBXFileReference; lastKnownFileType = folder.assetcatalog; path = "Preview Assets.xcassets"; sourceTree = "<group>"; };
		ACC21A652862EC9B00AF8B0D /* Persistence.swift */ = {isa = PBXFileReference; lastKnownFileType = sourcecode.swift; path = Persistence.swift; sourceTree = "<group>"; };
		ACC21A682862EC9B00AF8B0D /* scrollo.xcdatamodel */ = {isa = PBXFileReference; lastKnownFileType = wrapper.xcdatamodel; path = scrollo.xcdatamodel; sourceTree = "<group>"; };
		ACC21A6E2862EC9B00AF8B0D /* scrolloTests.xctest */ = {isa = PBXFileReference; explicitFileType = wrapper.cfbundle; includeInIndex = 0; path = scrolloTests.xctest; sourceTree = BUILT_PRODUCTS_DIR; };
		ACC21A722862EC9C00AF8B0D /* scrolloTests.swift */ = {isa = PBXFileReference; lastKnownFileType = sourcecode.swift; path = scrolloTests.swift; sourceTree = "<group>"; };
		ACC21A782862EC9C00AF8B0D /* scrolloUITests.xctest */ = {isa = PBXFileReference; explicitFileType = wrapper.cfbundle; includeInIndex = 0; path = scrolloUITests.xctest; sourceTree = BUILT_PRODUCTS_DIR; };
		ACC21A7C2862EC9C00AF8B0D /* scrolloUITests.swift */ = {isa = PBXFileReference; lastKnownFileType = sourcecode.swift; path = scrolloUITests.swift; sourceTree = "<group>"; };
		ACC21A7E2862EC9C00AF8B0D /* scrolloUITestsLaunchTests.swift */ = {isa = PBXFileReference; lastKnownFileType = sourcecode.swift; path = scrolloUITestsLaunchTests.swift; sourceTree = "<group>"; };
		ACC21A902862EDE800AF8B0D /* Scrollo.swift */ = {isa = PBXFileReference; lastKnownFileType = sourcecode.swift; path = Scrollo.swift; sourceTree = "<group>"; };
		ACC21A942862EF3600AF8B0D /* Extension.swift */ = {isa = PBXFileReference; lastKnownFileType = sourcecode.swift; path = Extension.swift; sourceTree = "<group>"; };
		ACC21A962862F33300AF8B0D /* CustomCorner.swift */ = {isa = PBXFileReference; lastKnownFileType = sourcecode.swift; path = CustomCorner.swift; sourceTree = "<group>"; };
		ACC21A982863045400AF8B0D /* OTPViewModel.swift */ = {isa = PBXFileReference; lastKnownFileType = sourcecode.swift; path = OTPViewModel.swift; sourceTree = "<group>"; };
		ACC21A9A2863081B00AF8B0D /* KeyboardHelper.swift */ = {isa = PBXFileReference; lastKnownFileType = sourcecode.swift; path = KeyboardHelper.swift; sourceTree = "<group>"; };
		ACC21A9C28630FA200AF8B0D /* SignInViewModel.swift */ = {isa = PBXFileReference; lastKnownFileType = sourcecode.swift; path = SignInViewModel.swift; sourceTree = "<group>"; };
		ACC21A9F28630FFD00AF8B0D /* LoginView.swift */ = {isa = PBXFileReference; lastKnownFileType = sourcecode.swift; path = LoginView.swift; sourceTree = "<group>"; };
		ACC21AA12863103700AF8B0D /* SignInView.swift */ = {isa = PBXFileReference; lastKnownFileType = sourcecode.swift; path = SignInView.swift; sourceTree = "<group>"; };
		ACC21AA32863104C00AF8B0D /* SignUpView.swift */ = {isa = PBXFileReference; lastKnownFileType = sourcecode.swift; path = SignUpView.swift; sourceTree = "<group>"; };
		ACC21AA52863107B00AF8B0D /* Api.swift */ = {isa = PBXFileReference; lastKnownFileType = sourcecode.swift; path = Api.swift; sourceTree = "<group>"; };
		ACC21AA7286310A300AF8B0D /* Request.swift */ = {isa = PBXFileReference; lastKnownFileType = sourcecode.swift; path = Request.swift; sourceTree = "<group>"; };
		ACC21AA92863113D00AF8B0D /* UserModel.swift */ = {isa = PBXFileReference; lastKnownFileType = sourcecode.swift; path = UserModel.swift; sourceTree = "<group>"; };
		ACC21AAD28631DC600AF8B0D /* HomeView.swift */ = {isa = PBXFileReference; lastKnownFileType = sourcecode.swift; path = HomeView.swift; sourceTree = "<group>"; };
		ACC21AAF28631DF900AF8B0D /* StoryView.swift */ = {isa = PBXFileReference; lastKnownFileType = sourcecode.swift; path = StoryView.swift; sourceTree = "<group>"; };
		ACC21AB12863219B00AF8B0D /* ActivitiesView.swift */ = {isa = PBXFileReference; lastKnownFileType = sourcecode.swift; path = ActivitiesView.swift; sourceTree = "<group>"; };
		ACC21AB42863230200AF8B0D /* gotham_medium.ttf */ = {isa = PBXFileReference; lastKnownFileType = file; path = gotham_medium.ttf; sourceTree = "<group>"; };
		ACC21AB52863230200AF8B0D /* gotham_bold.ttf */ = {isa = PBXFileReference; lastKnownFileType = file; path = gotham_bold.ttf; sourceTree = "<group>"; };
		ACC21AB62863230200AF8B0D /* gotham_book.ttf */ = {isa = PBXFileReference; lastKnownFileType = file; path = gotham_book.ttf; sourceTree = "<group>"; };
		ACC21AB72863230200AF8B0D /* gotham_thin_italic.ttf */ = {isa = PBXFileReference; lastKnownFileType = file; path = gotham_thin_italic.ttf; sourceTree = "<group>"; };
		ACC21AB82863230200AF8B0D /* gotham_black.ttf */ = {isa = PBXFileReference; lastKnownFileType = file; path = gotham_black.ttf; sourceTree = "<group>"; };
		ACC21AB92863230200AF8B0D /* gotham_thin.ttf */ = {isa = PBXFileReference; lastKnownFileType = file; path = gotham_thin.ttf; sourceTree = "<group>"; };
		ACC21ABA2863230200AF8B0D /* gotham_xlight.ttf */ = {isa = PBXFileReference; lastKnownFileType = file; path = gotham_xlight.ttf; sourceTree = "<group>"; };
		ACC21ABB2863230200AF8B0D /* gotham_light.ttf */ = {isa = PBXFileReference; lastKnownFileType = file; path = gotham_light.ttf; sourceTree = "<group>"; };
		ACC21AC42863235200AF8B0D /* Fonts.swift */ = {isa = PBXFileReference; lastKnownFileType = sourcecode.swift; path = Fonts.swift; sourceTree = "<group>"; };
		ACC21AC6286327AD00AF8B0D /* FeedView.swift */ = {isa = PBXFileReference; lastKnownFileType = sourcecode.swift; path = FeedView.swift; sourceTree = "<group>"; };
		ACC21AC8286327D100AF8B0D /* StoryModel.swift */ = {isa = PBXFileReference; lastKnownFileType = sourcecode.swift; path = StoryModel.swift; sourceTree = "<group>"; };
		ACC21ACA2863280C00AF8B0D /* StoryViewModel.swift */ = {isa = PBXFileReference; lastKnownFileType = sourcecode.swift; path = StoryViewModel.swift; sourceTree = "<group>"; };
		ACC21ACF2863340700AF8B0D /* FeedPostViewModel.swift */ = {isa = PBXFileReference; lastKnownFileType = sourcecode.swift; path = FeedPostViewModel.swift; sourceTree = "<group>"; };
		ACC21AD12863344B00AF8B0D /* PostModel.swift */ = {isa = PBXFileReference; lastKnownFileType = sourcecode.swift; path = PostModel.swift; sourceTree = "<group>"; };
		ACC21AD628633DEC00AF8B0D /* TextWithHashtags.swift */ = {isa = PBXFileReference; lastKnownFileType = sourcecode.swift; path = TextWithHashtags.swift; sourceTree = "<group>"; };
		ACC21AD828634CDD00AF8B0D /* UIRefreshable.swift */ = {isa = PBXFileReference; lastKnownFileType = sourcecode.swift; path = UIRefreshable.swift; sourceTree = "<group>"; };
		ACC21ADD286357F000AF8B0D /* VideoThumbnailViewModel.swift */ = {isa = PBXFileReference; lastKnownFileType = sourcecode.swift; path = VideoThumbnailViewModel.swift; sourceTree = "<group>"; };
		ACC21ADF2863587700AF8B0D /* UIAVPlayerControllerRepresented.swift */ = {isa = PBXFileReference; lastKnownFileType = sourcecode.swift; path = UIAVPlayerControllerRepresented.swift; sourceTree = "<group>"; };
		ACC21AE12863914400AF8B0D /* SearchView.swift */ = {isa = PBXFileReference; lastKnownFileType = sourcecode.swift; path = SearchView.swift; sourceTree = "<group>"; };
		ACC21AE32863A1E700AF8B0D /* SearchViewModel.swift */ = {isa = PBXFileReference; lastKnownFileType = sourcecode.swift; path = SearchViewModel.swift; sourceTree = "<group>"; };
		ACC21AE528644A2300AF8B0D /* SearchHistoryViewModel.swift */ = {isa = PBXFileReference; lastKnownFileType = sourcecode.swift; path = SearchHistoryViewModel.swift; sourceTree = "<group>"; };
		ACC21AEA2864637B00AF8B0D /* DBManager.swift */ = {isa = PBXFileReference; lastKnownFileType = sourcecode.swift; path = DBManager.swift; sourceTree = "<group>"; };
		ACC21AEC2864834200AF8B0D /* RecentUserSearchQueries.swift */ = {isa = PBXFileReference; lastKnownFileType = sourcecode.swift; path = RecentUserSearchQueries.swift; sourceTree = "<group>"; };
		ACDB88E62879C04800C6F1B2 /* PublicationTextPostView.swift */ = {isa = PBXFileReference; lastKnownFileType = sourcecode.swift; path = PublicationTextPostView.swift; sourceTree = "<group>"; };
		ACDB88E82879C0A400C6F1B2 /* AddTextPostViewModel.swift */ = {isa = PBXFileReference; lastKnownFileType = sourcecode.swift; path = AddTextPostViewModel.swift; sourceTree = "<group>"; };
		ACDB88EA2879CAFB00C6F1B2 /* PublicationViewModel.swift */ = {isa = PBXFileReference; lastKnownFileType = sourcecode.swift; path = PublicationViewModel.swift; sourceTree = "<group>"; };
		ACDB88ED2879D68800C6F1B2 /* PublicationMediaPostView.swift */ = {isa = PBXFileReference; lastKnownFileType = sourcecode.swift; path = PublicationMediaPostView.swift; sourceTree = "<group>"; };
		ACDB88EF2879D6A000C6F1B2 /* AddMediaPostViewModel.swift */ = {isa = PBXFileReference; lastKnownFileType = sourcecode.swift; path = AddMediaPostViewModel.swift; sourceTree = "<group>"; };
		ACE44F60287A6BD6002D0BB1 /* NotifyViewModel.swift */ = {isa = PBXFileReference; lastKnownFileType = sourcecode.swift; path = NotifyViewModel.swift; sourceTree = "<group>"; };
		ACEB90002892D61D0096110D /* ToastViewModel.swift */ = {isa = PBXFileReference; lastKnownFileType = sourcecode.swift; path = ToastViewModel.swift; sourceTree = "<group>"; };
		ACEB90032892F6FD0096110D /* UIViewStandartPost.swift */ = {isa = PBXFileReference; lastKnownFileType = sourcecode.swift; path = UIViewStandartPost.swift; sourceTree = "<group>"; };
		ACEB90052892F7120096110D /* PostHeaderView.swift */ = {isa = PBXFileReference; lastKnownFileType = sourcecode.swift; path = PostHeaderView.swift; sourceTree = "<group>"; };
		ACEB90072892F8C20096110D /* PostFooterView.swift */ = {isa = PBXFileReference; lastKnownFileType = sourcecode.swift; path = PostFooterView.swift; sourceTree = "<group>"; };
		ACEB90092892FA720096110D /* TruncateTextView.swift */ = {isa = PBXFileReference; lastKnownFileType = sourcecode.swift; path = TruncateTextView.swift; sourceTree = "<group>"; };
		ACEB900B2892FADC0096110D /* PostMediaCarouselView.swift */ = {isa = PBXFileReference; lastKnownFileType = sourcecode.swift; path = PostMediaCarouselView.swift; sourceTree = "<group>"; };
		ACEB900D2892FBB80096110D /* UIViewTextPost.swift */ = {isa = PBXFileReference; lastKnownFileType = sourcecode.swift; path = UIViewTextPost.swift; sourceTree = "<group>"; };
		ACEB90102892FE8C0096110D /* LikePostViewModel.swift */ = {isa = PBXFileReference; lastKnownFileType = sourcecode.swift; path = LikePostViewModel.swift; sourceTree = "<group>"; };
		ACEB90132892FF8E0096110D /* FeedHeaderView.swift */ = {isa = PBXFileReference; lastKnownFileType = sourcecode.swift; path = FeedHeaderView.swift; sourceTree = "<group>"; };
		ACEB90152892FFBC0096110D /* FeedStoryView.swift */ = {isa = PBXFileReference; lastKnownFileType = sourcecode.swift; path = FeedStoryView.swift; sourceTree = "<group>"; };
		ACEB9017289300280096110D /* FeedPostsView.swift */ = {isa = PBXFileReference; lastKnownFileType = sourcecode.swift; path = FeedPostsView.swift; sourceTree = "<group>"; };
		ACEB9019289300FA0096110D /* ProbablyFamiliarView.swift */ = {isa = PBXFileReference; lastKnownFileType = sourcecode.swift; path = ProbablyFamiliarView.swift; sourceTree = "<group>"; };
		ACEB901C289311D50096110D /* StoriesListView.swift */ = {isa = PBXFileReference; lastKnownFileType = sourcecode.swift; path = StoriesListView.swift; sourceTree = "<group>"; };
		ACEB901E2893149A0096110D /* DislikePostViewModel.swift */ = {isa = PBXFileReference; lastKnownFileType = sourcecode.swift; path = DislikePostViewModel.swift; sourceTree = "<group>"; };
		ACEB9020289324BD0096110D /* SavedPostSheetView.swift */ = {isa = PBXFileReference; lastKnownFileType = sourcecode.swift; path = SavedPostSheetView.swift; sourceTree = "<group>"; };
		ACEB9023289332700096110D /* PostDetailView.swift */ = {isa = PBXFileReference; lastKnownFileType = sourcecode.swift; path = PostDetailView.swift; sourceTree = "<group>"; };
		ACEB9025289332E40096110D /* PostDetailFooterView.swift */ = {isa = PBXFileReference; lastKnownFileType = sourcecode.swift; path = PostDetailFooterView.swift; sourceTree = "<group>"; };
		ACEB9027289334C50096110D /* UserLikedPostView.swift */ = {isa = PBXFileReference; lastKnownFileType = sourcecode.swift; path = UserLikedPostView.swift; sourceTree = "<group>"; };
		ACEB9029289335190096110D /* ShareUsersPost.swift */ = {isa = PBXFileReference; lastKnownFileType = sourcecode.swift; path = ShareUsersPost.swift; sourceTree = "<group>"; };
		ACEB902E289352A10096110D /* CommentsView.swift.swift */ = {isa = PBXFileReference; lastKnownFileType = sourcecode.swift; path = CommentsView.swift.swift; sourceTree = "<group>"; };
		ACEB9030289353140096110D /* EmojiListView.swift */ = {isa = PBXFileReference; lastKnownFileType = sourcecode.swift; path = EmojiListView.swift; sourceTree = "<group>"; };
		ACEB9032289353520096110D /* CommentsHeaderView.swift */ = {isa = PBXFileReference; lastKnownFileType = sourcecode.swift; path = CommentsHeaderView.swift; sourceTree = "<group>"; };
		ACEB9034289353B50096110D /* CommentsFooterView.swift */ = {isa = PBXFileReference; lastKnownFileType = sourcecode.swift; path = CommentsFooterView.swift; sourceTree = "<group>"; };
		ACEB90372893DDA60096110D /* ProfileView.swift */ = {isa = PBXFileReference; lastKnownFileType = sourcecode.swift; path = ProfileView.swift; sourceTree = "<group>"; };
		ACEB903A2893DE170096110D /* ProfileViewModel.swift */ = {isa = PBXFileReference; lastKnownFileType = sourcecode.swift; path = ProfileViewModel.swift; sourceTree = "<group>"; };
		ACEB903C2893E1DF0096110D /* StickyHeader.swift */ = {isa = PBXFileReference; lastKnownFileType = sourcecode.swift; path = StickyHeader.swift; sourceTree = "<group>"; };
		ACEB903E2893E2440096110D /* FollowInfoView.swift */ = {isa = PBXFileReference; lastKnownFileType = sourcecode.swift; path = FollowInfoView.swift; sourceTree = "<group>"; };
		ACEB90402893E29A0096110D /* UserInfoView.swift */ = {isa = PBXFileReference; lastKnownFileType = sourcecode.swift; path = UserInfoView.swift; sourceTree = "<group>"; };
		ACEB90422893EAC70096110D /* PostViewModel.swift */ = {isa = PBXFileReference; lastKnownFileType = sourcecode.swift; path = PostViewModel.swift; sourceTree = "<group>"; };
		ACEB9045289439820096110D /* PostCompositionView.swift */ = {isa = PBXFileReference; lastKnownFileType = sourcecode.swift; path = PostCompositionView.swift; sourceTree = "<group>"; };
		ACEB9047289439D10096110D /* CompositionStack.swift */ = {isa = PBXFileReference; lastKnownFileType = sourcecode.swift; path = CompositionStack.swift; sourceTree = "<group>"; };
		ACEB9049289439F50096110D /* CompositionColumn.swift */ = {isa = PBXFileReference; lastKnownFileType = sourcecode.swift; path = CompositionColumn.swift; sourceTree = "<group>"; };
		ACEB904B28943A4D0096110D /* UIPostCompositionView.swift */ = {isa = PBXFileReference; lastKnownFileType = sourcecode.swift; path = UIPostCompositionView.swift; sourceTree = "<group>"; };
		ACEB904D28943D780096110D /* FollowUserControll.swift */ = {isa = PBXFileReference; lastKnownFileType = sourcecode.swift; path = FollowUserControll.swift; sourceTree = "<group>"; };
		ACEE4F30287E040500C464D6 /* CreateThumbnailFromVideo.swift */ = {isa = PBXFileReference; lastKnownFileType = sourcecode.swift; path = CreateThumbnailFromVideo.swift; sourceTree = "<group>"; };
/* End PBXFileReference section */

/* Begin PBXFrameworksBuildPhase section */
		ACC21A562862EC9400AF8B0D /* Frameworks */ = {
			isa = PBXFrameworksBuildPhase;
			buildActionMask = 2147483647;
			files = (
				AC5F902C2892BDC800D05254 /* UISheetPresentationControllerCustomDetent in Frameworks */,
				AC5F902E2892BDC800D05254 /* UISheetPresentationControllerCustomDetentObjc in Frameworks */,
				ACC21ACE28632EE700AF8B0D /* SDWebImageSwiftUI in Frameworks */,
				ACC21ADC2863503100AF8B0D /* Introspect in Frameworks */,
			);
			runOnlyForDeploymentPostprocessing = 0;
		};
		ACC21A6B2862EC9B00AF8B0D /* Frameworks */ = {
			isa = PBXFrameworksBuildPhase;
			buildActionMask = 2147483647;
			files = (
			);
			runOnlyForDeploymentPostprocessing = 0;
		};
		ACC21A752862EC9C00AF8B0D /* Frameworks */ = {
			isa = PBXFrameworksBuildPhase;
			buildActionMask = 2147483647;
			files = (
			);
			runOnlyForDeploymentPostprocessing = 0;
		};
/* End PBXFrameworksBuildPhase section */

/* Begin PBXGroup section */
		AC05854B28B1951400BB982A /* ActualStory */ = {
			isa = PBXGroup;
			children = (
				AC05854C28B1953900BB982A /* ActualStoryView.swift */,
				AC05854E28B1A23C00BB982A /* ActualStoryCoverView.swift */,
				AC05855028B1B02F00BB982A /* ActualStoryCoverCropperView.swift */,
			);
			path = ActualStory;
			sourceTree = "<group>";
		};
		AC0E252028709B0800AFB2F2 /* Comments */ = {
			isa = PBXGroup;
			children = (
				AC0E252128709B9B00AFB2F2 /* CommentsView.swift */,
			);
			path = Comments;
			sourceTree = "<group>";
		};
		AC10101628783E290014E13B /* Settings */ = {
			isa = PBXGroup;
			children = (
				AC10101728783E390014E13B /* SettingsView.swift */,
				AC101019287841D00014E13B /* AccountView.swift */,
				AC10101D2878497C0014E13B /* SafetyView.swift */,
				AC10101F28784A150014E13B /* ChangePassword.swift */,
				AC101027287857F30014E13B /* NotifyView.swift */,
				AC101029287861D70014E13B /* ConfidentialityView.swift */,
			);
			path = Settings;
			sourceTree = "<group>";
		};
		AC10102F287869000014E13B /* Saved */ = {
			isa = PBXGroup;
			children = (
				AC1010302878690F0014E13B /* SavedView.swift */,
				AC1010322878695A0014E13B /* SavedMediaAlbumView.swift */,
			);
			path = Saved;
			sourceTree = "<group>";
		};
		AC5F902528928AA300D05254 /* AlbumsViewModel */ = {
			isa = PBXGroup;
			children = (
				ACBE7A6E28926CC800F76D93 /* AddAlbumViewModel.swift */,
				AC5F902628928B1400D05254 /* AlbumsViewModel.swift */,
				ACC1DE1D289485DC008A3932 /* SavedPostsViewModel.swift */,
			);
			path = AlbumsViewModel;
			sourceTree = "<group>";
		};
		AC6DCDE8286763D00051106B /* Messanger */ = {
			isa = PBXGroup;
			children = (
				AC2A077E2866E0DA00BB1C6D /* MessangerView.swift */,
				AC2A07842866FAD000BB1C6D /* UserMessages.swift */,
			);
			path = Messanger;
			sourceTree = "<group>";
		};
		AC8E24F628B0DAB5001486FC /* BottomSheets */ = {
			isa = PBXGroup;
			children = (
				AC8E24F728B0DAE0001486FC /* PostActionsSheet.swift */,
				AC8E250228B1270D001486FC /* AddPublicationSheet.swift */,
				AC05854928B1646500BB982A /* SettingsSheet.swift */,
			);
			path = BottomSheets;
			sourceTree = "<group>";
		};
		AC8E24FD28B1198B001486FC /* Clear */ = {
			isa = PBXGroup;
			children = (
				AC8E24FE28B119EB001486FC /* RemovePostViewModel.swift */,
				AC54C2FA28B3661900D8CF2C /* ImageCropperViewModel.swift */,
			);
			path = Clear;
			sourceTree = "<group>";
		};
		ACC1DE2128949F66008A3932 /* CreatePostViewModel */ = {
			isa = PBXGroup;
			children = (
				ACDB88E82879C0A400C6F1B2 /* AddTextPostViewModel.swift */,
				ACDB88EF2879D6A000C6F1B2 /* AddMediaPostViewModel.swift */,
			);
			path = CreatePostViewModel;
			sourceTree = "<group>";
		};
		ACC21A502862EC9400AF8B0D = {
			isa = PBXGroup;
			children = (
				ACC21A5B2862EC9400AF8B0D /* scrollo */,
				ACC21A712862EC9C00AF8B0D /* scrolloTests */,
				ACC21A7B2862EC9C00AF8B0D /* scrolloUITests */,
				ACC21A5A2862EC9400AF8B0D /* Products */,
			);
			sourceTree = "<group>";
		};
		ACC21A5A2862EC9400AF8B0D /* Products */ = {
			isa = PBXGroup;
			children = (
				ACC21A592862EC9400AF8B0D /* scrollo.app */,
				ACC21A6E2862EC9B00AF8B0D /* scrolloTests.xctest */,
				ACC21A782862EC9C00AF8B0D /* scrolloUITests.xctest */,
			);
			name = Products;
			sourceTree = "<group>";
		};
		ACC21A5B2862EC9400AF8B0D /* scrollo */ = {
			isa = PBXGroup;
			children = (
				AC75B632287D858C00BA1875 /* Info.plist */,
				ACC21AB3286322F300AF8B0D /* Fonts */,
				ACC21A922862EF0400AF8B0D /* Utils */,
				ACC21A8D2862ED5700AF8B0D /* Model */,
				ACC21A8C2862ED4F00AF8B0D /* ViewModel */,
				ACC21A8B2862ECEE00AF8B0D /* View */,
				ACC21A5C2862EC9400AF8B0D /* scrolloApp.swift */,
				ACC21A5E2862EC9400AF8B0D /* ContentView.swift */,
				ACC21A602862EC9B00AF8B0D /* Assets.xcassets */,
				ACC21A652862EC9B00AF8B0D /* Persistence.swift */,
				ACC21A672862EC9B00AF8B0D /* scrollo.xcdatamodeld */,
				ACC21A622862EC9B00AF8B0D /* Preview Content */,
				AC4039212870387900B9A762 /* Test.swift */,
			);
			path = scrollo;
			sourceTree = "<group>";
		};
		ACC21A622862EC9B00AF8B0D /* Preview Content */ = {
			isa = PBXGroup;
			children = (
				ACC21A632862EC9B00AF8B0D /* Preview Assets.xcassets */,
			);
			path = "Preview Content";
			sourceTree = "<group>";
		};
		ACC21A712862EC9C00AF8B0D /* scrolloTests */ = {
			isa = PBXGroup;
			children = (
				ACC21A722862EC9C00AF8B0D /* scrolloTests.swift */,
			);
			path = scrolloTests;
			sourceTree = "<group>";
		};
		ACC21A7B2862EC9C00AF8B0D /* scrolloUITests */ = {
			isa = PBXGroup;
			children = (
				ACC21A7C2862EC9C00AF8B0D /* scrolloUITests.swift */,
				ACC21A7E2862EC9C00AF8B0D /* scrolloUITestsLaunchTests.swift */,
			);
			path = scrolloUITests;
			sourceTree = "<group>";
		};
		ACC21A8B2862ECEE00AF8B0D /* View */ = {
			isa = PBXGroup;
			children = (
				AC8E24F628B0DAB5001486FC /* BottomSheets */,
				ACC21AD328633C7400AF8B0D /* UIViews */,
				ACC21AAC28631DAE00AF8B0D /* HomeView */,
				ACC21A9E28630FD900AF8B0D /* LoginView */,
				ACC21A902862EDE800AF8B0D /* Scrollo.swift */,
			);
			path = View;
			sourceTree = "<group>";
		};
		ACC21A8C2862ED4F00AF8B0D /* ViewModel */ = {
			isa = PBXGroup;
			children = (
				AC8E24FD28B1198B001486FC /* Clear */,
				ACC1DE2128949F66008A3932 /* CreatePostViewModel */,
				ACEB90392893DDFC0096110D /* ProfileViewModel */,
				ACEB900F2892FE6B0096110D /* PostViewModel */,
				AC5F902528928AA300D05254 /* AlbumsViewModel */,
				ACC21A982863045400AF8B0D /* OTPViewModel.swift */,
				ACC21A9C28630FA200AF8B0D /* SignInViewModel.swift */,
				ACC21ACA2863280C00AF8B0D /* StoryViewModel.swift */,
				ACC21ADD286357F000AF8B0D /* VideoThumbnailViewModel.swift */,
				ACC21AE32863A1E700AF8B0D /* SearchViewModel.swift */,
				ACC21AE528644A2300AF8B0D /* SearchHistoryViewModel.swift */,
				ACC21AEA2864637B00AF8B0D /* DBManager.swift */,
				AC2A07802866F28500BB1C6D /* MessangerViewModel.swift */,
				AC2CAB062874137400BEEB3C /* CommentsViewModel.swift */,
				AC2CAB0B2874569700BEEB3C /* BottomSheetViewModel.swift */,
				AC1F7C1D2876B53C009227CB /* ProfileViewModelOld.swift */,
				AC1F7C212876C900009227CB /* EditProfileViewModel.swift */,
				AC10101B287843560014E13B /* AccountViewModel.swift */,
				AC10102128784B300014E13B /* ChangePasswordViewModel.swift */,
				AC101023287856290014E13B /* NotifySettingsViewModel.swift */,
				AC10102B2878624A0014E13B /* ConfidentialityViewModel.swift */,
				AC101034287982DF0014E13B /* SignUpViewModel.swift */,
				ACDB88EA2879CAFB00C6F1B2 /* PublicationViewModel.swift */,
				ACE44F60287A6BD6002D0BB1 /* NotifyViewModel.swift */,
				AC01EB22287B1BB90026FC29 /* VideoRecordingView.swift */,
				ACEB90002892D61D0096110D /* ToastViewModel.swift */,
				AC1FF2CD28AF9AF700806CC0 /* AddStoryViewModel.swift */,
				AC8E24F228B0BBD8001486FC /* CameraController.swift */,
			);
			path = ViewModel;
			sourceTree = "<group>";
		};
		ACC21A8D2862ED5700AF8B0D /* Model */ = {
			isa = PBXGroup;
			children = (
				ACC21AA92863113D00AF8B0D /* UserModel.swift */,
				ACC21AC8286327D100AF8B0D /* StoryModel.swift */,
				ACC21AD12863344B00AF8B0D /* PostModel.swift */,
				AC2A07822866F2A400BB1C6D /* MessageModel.swift */,
				AC101025287856A30014E13B /* NotifyModel.swift */,
				AC10102D287863B90014E13B /* ConfidentialityModel.swift */,
				AC101036287983860014E13B /* AlertModel.swift */,
				ACACBDEF287A41A300DF7171 /* AssetModel.swift */,
				ACBE7A7028926D2000F76D93 /* AlbumModel.swift */,
			);
			path = Model;
			sourceTree = "<group>";
		};
		ACC21A922862EF0400AF8B0D /* Utils */ = {
			isa = PBXGroup;
			children = (
				ACC21A942862EF3600AF8B0D /* Extension.swift */,
				ACC21A962862F33300AF8B0D /* CustomCorner.swift */,
				ACC21A9A2863081B00AF8B0D /* KeyboardHelper.swift */,
				ACC21AA52863107B00AF8B0D /* Api.swift */,
				ACC21AA7286310A300AF8B0D /* Request.swift */,
				ACC21AC42863235200AF8B0D /* Fonts.swift */,
				ACC21AD628633DEC00AF8B0D /* TextWithHashtags.swift */,
				AC1F7C1B2876B438009227CB /* RoundedEdge.swift */,
				AC101014287835F70014E13B /* ImagePickerView.swift */,
				ACEE4F30287E040500C464D6 /* CreateThumbnailFromVideo.swift */,
				ACC1DE1B28946A73008A3932 /* Constants.swift */,
				AC8E24F928B0DEE9001486FC /* NotificationConstants.swift */,
			);
			path = Utils;
			sourceTree = "<group>";
		};
		ACC21A9E28630FD900AF8B0D /* LoginView */ = {
			isa = PBXGroup;
			children = (
				ACC21A9F28630FFD00AF8B0D /* LoginView.swift */,
				ACC21AA12863103700AF8B0D /* SignInView.swift */,
				ACC21AA32863104C00AF8B0D /* SignUpView.swift */,
			);
			path = LoginView;
			sourceTree = "<group>";
		};
		ACC21AAC28631DAE00AF8B0D /* HomeView */ = {
			isa = PBXGroup;
			children = (
				AC05854B28B1951400BB982A /* ActualStory */,
				ACEB90362893DD8C0096110D /* ProfileView */,
				ACEB902D289352850096110D /* CommentsView */,
				ACEB9022289332590096110D /* PostDetailView */,
				ACEB90122892FF6B0096110D /* FeedView */,
				ACDB88E52879C02F00C6F1B2 /* Publication */,
				AC10102F287869000014E13B /* Saved */,
				AC10101628783E290014E13B /* Settings */,
				AC0E252028709B0800AFB2F2 /* Comments */,
				AC6DCDE8286763D00051106B /* Messanger */,
				ACC21AAD28631DC600AF8B0D /* HomeView.swift */,
				ACC21AAF28631DF900AF8B0D /* StoryView.swift */,
				ACC21AB12863219B00AF8B0D /* ActivitiesView.swift */,
				ACC21AE12863914400AF8B0D /* SearchView.swift */,
				ACC21AEC2864834200AF8B0D /* RecentUserSearchQueries.swift */,
				AC1F7C1F2876C064009227CB /* EditUserProfile.swift */,
				AC8E24F428B0DA60001486FC /* AppNotificationCenter.swift */,
				AC8E250428B12AA8001486FC /* DashboardView.swift */,
			);
			path = HomeView;
			sourceTree = "<group>";
		};
		ACC21AB3286322F300AF8B0D /* Fonts */ = {
			isa = PBXGroup;
			children = (
				ACC21AB82863230200AF8B0D /* gotham_black.ttf */,
				ACC21AB52863230200AF8B0D /* gotham_bold.ttf */,
				ACC21AB62863230200AF8B0D /* gotham_book.ttf */,
				ACC21ABB2863230200AF8B0D /* gotham_light.ttf */,
				ACC21AB42863230200AF8B0D /* gotham_medium.ttf */,
				ACC21AB72863230200AF8B0D /* gotham_thin_italic.ttf */,
				ACC21AB92863230200AF8B0D /* gotham_thin.ttf */,
				ACC21ABA2863230200AF8B0D /* gotham_xlight.ttf */,
			);
			path = Fonts;
			sourceTree = "<group>";
		};
		ACC21AD328633C7400AF8B0D /* UIViews */ = {
			isa = PBXGroup;
			children = (
				ACEB901B289311A60096110D /* UIViewStoriesList */,
				ACEB90022892F6E40096110D /* UIViewPost */,
				ACC21AD828634CDD00AF8B0D /* UIRefreshable.swift */,
				ACC21ADF2863587700AF8B0D /* UIAVPlayerControllerRepresented.swift */,
				AC6DCDEA2867652C0051106B /* UIUserStory.swift */,
				AC43BEF028717F16006BCFCC /* UIDefaultAvatar.swift */,
				AC5F90312892C40600D05254 /* UIVIewToast.swift */,
				AC8E24FB28B10045001486FC /* UIBottomSheet.swift */,
				AC8E250628B12B54001486FC /* UITabBar.swift */,
			);
			path = UIViews;
			sourceTree = "<group>";
		};
		ACDB88E52879C02F00C6F1B2 /* Publication */ = {
			isa = PBXGroup;
			children = (
				AC1FF2CB28AF75BE00806CC0 /* AddStoryView.swift */,
				ACDB88E62879C04800C6F1B2 /* PublicationTextPostView.swift */,
				ACDB88ED2879D68800C6F1B2 /* PublicationMediaPostView.swift */,
			);
			path = Publication;
			sourceTree = "<group>";
		};
		ACEB90022892F6E40096110D /* UIViewPost */ = {
			isa = PBXGroup;
			children = (
				ACEB90032892F6FD0096110D /* UIViewStandartPost.swift */,
				ACEB90052892F7120096110D /* PostHeaderView.swift */,
				ACEB90072892F8C20096110D /* PostFooterView.swift */,
				ACEB90092892FA720096110D /* TruncateTextView.swift */,
				ACEB900B2892FADC0096110D /* PostMediaCarouselView.swift */,
				ACEB900D2892FBB80096110D /* UIViewTextPost.swift */,
				ACEB9029289335190096110D /* ShareUsersPost.swift */,
			);
			path = UIViewPost;
			sourceTree = "<group>";
		};
		ACEB900F2892FE6B0096110D /* PostViewModel */ = {
			isa = PBXGroup;
			children = (
				ACC21ACF2863340700AF8B0D /* FeedPostViewModel.swift */,
				ACEB90102892FE8C0096110D /* LikePostViewModel.swift */,
				AC5F902F2892C14200D05254 /* SavePostViewModel.swift */,
				ACEB901E2893149A0096110D /* DislikePostViewModel.swift */,
				ACEB9020289324BD0096110D /* SavedPostSheetView.swift */,
				ACEB90422893EAC70096110D /* PostViewModel.swift */,
			);
			path = PostViewModel;
			sourceTree = "<group>";
		};
		ACEB90122892FF6B0096110D /* FeedView */ = {
			isa = PBXGroup;
			children = (
				ACC21AC6286327AD00AF8B0D /* FeedView.swift */,
				ACEB90132892FF8E0096110D /* FeedHeaderView.swift */,
				ACEB90152892FFBC0096110D /* FeedStoryView.swift */,
				ACEB9017289300280096110D /* FeedPostsView.swift */,
				ACEB9019289300FA0096110D /* ProbablyFamiliarView.swift */,
				AC8E250028B11D3B001486FC /* EmptyFeedView.swift */,
			);
			path = FeedView;
			sourceTree = "<group>";
		};
		ACEB901B289311A60096110D /* UIViewStoriesList */ = {
			isa = PBXGroup;
			children = (
				ACEB901C289311D50096110D /* StoriesListView.swift */,
			);
			path = UIViewStoriesList;
			sourceTree = "<group>";
		};
		ACEB9022289332590096110D /* PostDetailView */ = {
			isa = PBXGroup;
			children = (
				ACEB9023289332700096110D /* PostDetailView.swift */,
				ACEB9025289332E40096110D /* PostDetailFooterView.swift */,
				ACEB9027289334C50096110D /* UserLikedPostView.swift */,
			);
			path = PostDetailView;
			sourceTree = "<group>";
		};
		ACEB902D289352850096110D /* CommentsView */ = {
			isa = PBXGroup;
			children = (
				ACEB902E289352A10096110D /* CommentsView.swift.swift */,
				ACEB9030289353140096110D /* EmojiListView.swift */,
				ACEB9032289353520096110D /* CommentsHeaderView.swift */,
				ACEB9034289353B50096110D /* CommentsFooterView.swift */,
			);
			path = CommentsView;
			sourceTree = "<group>";
		};
		ACEB90362893DD8C0096110D /* ProfileView */ = {
			isa = PBXGroup;
			children = (
				ACEB90442894396D0096110D /* PostCompositionView */,
				ACEB90372893DDA60096110D /* ProfileView.swift */,
				ACEB903C2893E1DF0096110D /* StickyHeader.swift */,
				ACEB903E2893E2440096110D /* FollowInfoView.swift */,
				ACEB90402893E29A0096110D /* UserInfoView.swift */,
				ACEB904D28943D780096110D /* FollowUserControll.swift */,
				ACC1DE2228950709008A3932 /* YourActivityView.swift */,
				ACC1DE2428951483008A3932 /* InterestingPeople.swift */,
			);
			path = ProfileView;
			sourceTree = "<group>";
		};
		ACEB90392893DDFC0096110D /* ProfileViewModel */ = {
			isa = PBXGroup;
			children = (
				ACEB903A2893DE170096110D /* ProfileViewModel.swift */,
			);
			path = ProfileViewModel;
			sourceTree = "<group>";
		};
		ACEB90442894396D0096110D /* PostCompositionView */ = {
			isa = PBXGroup;
			children = (
				ACEB9045289439820096110D /* PostCompositionView.swift */,
				ACEB9047289439D10096110D /* CompositionStack.swift */,
				ACEB9049289439F50096110D /* CompositionColumn.swift */,
				ACEB904B28943A4D0096110D /* UIPostCompositionView.swift */,
			);
			path = PostCompositionView;
			sourceTree = "<group>";
		};
/* End PBXGroup section */

/* Begin PBXNativeTarget section */
		ACC21A582862EC9400AF8B0D /* scrollo */ = {
			isa = PBXNativeTarget;
			buildConfigurationList = ACC21A822862EC9C00AF8B0D /* Build configuration list for PBXNativeTarget "scrollo" */;
			buildPhases = (
				ACC21A552862EC9400AF8B0D /* Sources */,
				ACC21A562862EC9400AF8B0D /* Frameworks */,
				ACC21A572862EC9400AF8B0D /* Resources */,
			);
			buildRules = (
			);
			dependencies = (
			);
			name = scrollo;
			packageProductDependencies = (
				ACC21ACD28632EE700AF8B0D /* SDWebImageSwiftUI */,
				ACC21ADB2863503100AF8B0D /* Introspect */,
				AC5F902B2892BDC800D05254 /* UISheetPresentationControllerCustomDetent */,
				AC5F902D2892BDC800D05254 /* UISheetPresentationControllerCustomDetentObjc */,
			);
			productName = scrollo;
			productReference = ACC21A592862EC9400AF8B0D /* scrollo.app */;
			productType = "com.apple.product-type.application";
		};
		ACC21A6D2862EC9B00AF8B0D /* scrolloTests */ = {
			isa = PBXNativeTarget;
			buildConfigurationList = ACC21A852862EC9C00AF8B0D /* Build configuration list for PBXNativeTarget "scrolloTests" */;
			buildPhases = (
				ACC21A6A2862EC9B00AF8B0D /* Sources */,
				ACC21A6B2862EC9B00AF8B0D /* Frameworks */,
				ACC21A6C2862EC9B00AF8B0D /* Resources */,
			);
			buildRules = (
			);
			dependencies = (
				ACC21A702862EC9C00AF8B0D /* PBXTargetDependency */,
			);
			name = scrolloTests;
			productName = scrolloTests;
			productReference = ACC21A6E2862EC9B00AF8B0D /* scrolloTests.xctest */;
			productType = "com.apple.product-type.bundle.unit-test";
		};
		ACC21A772862EC9C00AF8B0D /* scrolloUITests */ = {
			isa = PBXNativeTarget;
			buildConfigurationList = ACC21A882862EC9C00AF8B0D /* Build configuration list for PBXNativeTarget "scrolloUITests" */;
			buildPhases = (
				ACC21A742862EC9C00AF8B0D /* Sources */,
				ACC21A752862EC9C00AF8B0D /* Frameworks */,
				ACC21A762862EC9C00AF8B0D /* Resources */,
			);
			buildRules = (
			);
			dependencies = (
				ACC21A7A2862EC9C00AF8B0D /* PBXTargetDependency */,
			);
			name = scrolloUITests;
			productName = scrolloUITests;
			productReference = ACC21A782862EC9C00AF8B0D /* scrolloUITests.xctest */;
			productType = "com.apple.product-type.bundle.ui-testing";
		};
/* End PBXNativeTarget section */

/* Begin PBXProject section */
		ACC21A512862EC9400AF8B0D /* Project object */ = {
			isa = PBXProject;
			attributes = {
				BuildIndependentTargetsInParallel = 1;
				LastSwiftUpdateCheck = 1320;
				LastUpgradeCheck = 1320;
				TargetAttributes = {
					ACC21A582862EC9400AF8B0D = {
						CreatedOnToolsVersion = 13.2.1;
					};
					ACC21A6D2862EC9B00AF8B0D = {
						CreatedOnToolsVersion = 13.2.1;
						TestTargetID = ACC21A582862EC9400AF8B0D;
					};
					ACC21A772862EC9C00AF8B0D = {
						CreatedOnToolsVersion = 13.2.1;
						TestTargetID = ACC21A582862EC9400AF8B0D;
					};
				};
			};
			buildConfigurationList = ACC21A542862EC9400AF8B0D /* Build configuration list for PBXProject "scrollo" */;
			compatibilityVersion = "Xcode 13.0";
			developmentRegion = en;
			hasScannedForEncodings = 0;
			knownRegions = (
				en,
				Base,
			);
			mainGroup = ACC21A502862EC9400AF8B0D;
			packageReferences = (
				ACC21ACC28632EE700AF8B0D /* XCRemoteSwiftPackageReference "SDWebImageSwiftUI" */,
				ACC21ADA2863503000AF8B0D /* XCRemoteSwiftPackageReference "SwiftUI-Introspect" */,
				AC5F902A2892BDC800D05254 /* XCRemoteSwiftPackageReference "UISheetPresentationControllerCustomDetent" */,
			);
			productRefGroup = ACC21A5A2862EC9400AF8B0D /* Products */;
			projectDirPath = "";
			projectRoot = "";
			targets = (
				ACC21A582862EC9400AF8B0D /* scrollo */,
				ACC21A6D2862EC9B00AF8B0D /* scrolloTests */,
				ACC21A772862EC9C00AF8B0D /* scrolloUITests */,
			);
		};
/* End PBXProject section */

/* Begin PBXResourcesBuildPhase section */
		ACC21A572862EC9400AF8B0D /* Resources */ = {
			isa = PBXResourcesBuildPhase;
			buildActionMask = 2147483647;
			files = (
				ACC21AC02863230200AF8B0D /* gotham_black.ttf in Resources */,
				ACC21ABE2863230200AF8B0D /* gotham_book.ttf in Resources */,
				ACC21ABC2863230200AF8B0D /* gotham_medium.ttf in Resources */,
				ACC21AC22863230200AF8B0D /* gotham_xlight.ttf in Resources */,
				ACC21A642862EC9B00AF8B0D /* Preview Assets.xcassets in Resources */,
				ACC21AC32863230200AF8B0D /* gotham_light.ttf in Resources */,
				ACC21A612862EC9B00AF8B0D /* Assets.xcassets in Resources */,
				ACC21AC12863230200AF8B0D /* gotham_thin.ttf in Resources */,
				ACC21ABD2863230200AF8B0D /* gotham_bold.ttf in Resources */,
				ACC21ABF2863230200AF8B0D /* gotham_thin_italic.ttf in Resources */,
			);
			runOnlyForDeploymentPostprocessing = 0;
		};
		ACC21A6C2862EC9B00AF8B0D /* Resources */ = {
			isa = PBXResourcesBuildPhase;
			buildActionMask = 2147483647;
			files = (
			);
			runOnlyForDeploymentPostprocessing = 0;
		};
		ACC21A762862EC9C00AF8B0D /* Resources */ = {
			isa = PBXResourcesBuildPhase;
			buildActionMask = 2147483647;
			files = (
			);
			runOnlyForDeploymentPostprocessing = 0;
		};
/* End PBXResourcesBuildPhase section */

/* Begin PBXSourcesBuildPhase section */
		ACC21A552862EC9400AF8B0D /* Sources */ = {
			isa = PBXSourcesBuildPhase;
			buildActionMask = 2147483647;
			files = (
				ACEB904A289439F50096110D /* CompositionColumn.swift in Sources */,
				ACEB904C28943A4D0096110D /* UIPostCompositionView.swift in Sources */,
				ACEB9024289332700096110D /* PostDetailView.swift in Sources */,
				ACEB9028289334C50096110D /* UserLikedPostView.swift in Sources */,
				ACEB901F2893149B0096110D /* DislikePostViewModel.swift in Sources */,
				ACEB90112892FE8C0096110D /* LikePostViewModel.swift in Sources */,
				AC1F7C202876C064009227CB /* EditUserProfile.swift in Sources */,
				ACE44F61287A6BD6002D0BB1 /* NotifyViewModel.swift in Sources */,
				ACEB903D2893E1E00096110D /* StickyHeader.swift in Sources */,
				AC1010332878695A0014E13B /* SavedMediaAlbumView.swift in Sources */,
				AC101024287856290014E13B /* NotifySettingsViewModel.swift in Sources */,
				ACEB9033289353520096110D /* CommentsHeaderView.swift in Sources */,
				ACC21AED2864834200AF8B0D /* RecentUserSearchQueries.swift in Sources */,
				ACEB9026289332E40096110D /* PostDetailFooterView.swift in Sources */,
				AC10102A287861D80014E13B /* ConfidentialityView.swift in Sources */,
				ACC21AD02863340700AF8B0D /* FeedPostViewModel.swift in Sources */,
				ACEB900A2892FA720096110D /* TruncateTextView.swift in Sources */,
				AC8E250528B12AA8001486FC /* DashboardView.swift in Sources */,
				AC8E24F528B0DA60001486FC /* AppNotificationCenter.swift in Sources */,
				ACEB90082892F8C20096110D /* PostFooterView.swift in Sources */,
				ACC1DE1C28946A73008A3932 /* Constants.swift in Sources */,
				ACDB88E92879C0A400C6F1B2 /* AddTextPostViewModel.swift in Sources */,
				ACC21AD928634CDE00AF8B0D /* UIRefreshable.swift in Sources */,
				AC1010312878690F0014E13B /* SavedView.swift in Sources */,
				ACC21AB028631DF900AF8B0D /* StoryView.swift in Sources */,
				AC1FF2CE28AF9AF800806CC0 /* AddStoryViewModel.swift in Sources */,
				AC8E24FA28B0DEE9001486FC /* NotificationConstants.swift in Sources */,
				AC5F90302892C14200D05254 /* SavePostViewModel.swift in Sources */,
				ACEB900C2892FADC0096110D /* PostMediaCarouselView.swift in Sources */,
				ACEB901A289300FA0096110D /* ProbablyFamiliarView.swift in Sources */,
				AC10101C287843560014E13B /* AccountViewModel.swift in Sources */,
				AC8E24F328B0BBD8001486FC /* CameraController.swift in Sources */,
				ACC1DE1E289485DC008A3932 /* SavedPostsViewModel.swift in Sources */,
				AC8E250128B11D3C001486FC /* EmptyFeedView.swift in Sources */,
				AC2A077F2866E0DA00BB1C6D /* MessangerView.swift in Sources */,
				AC05855128B1B03000BB982A /* ActualStoryCoverCropperView.swift in Sources */,
				ACEB90042892F6FD0096110D /* UIViewStandartPost.swift in Sources */,
				ACBE7A7128926D2000F76D93 /* AlbumModel.swift in Sources */,
				AC10101A287841D00014E13B /* AccountView.swift in Sources */,
				AC8E24FC28B10045001486FC /* UIBottomSheet.swift in Sources */,
				AC101037287983860014E13B /* AlertModel.swift in Sources */,
				ACC21AB22863219B00AF8B0D /* ActivitiesView.swift in Sources */,
				ACEB90412893E29A0096110D /* UserInfoView.swift in Sources */,
				ACEB903B2893DE170096110D /* ProfileViewModel.swift in Sources */,
				AC8E250328B1270E001486FC /* AddPublicationSheet.swift in Sources */,
				ACEB902A289335190096110D /* ShareUsersPost.swift in Sources */,
				ACC21A912862EDE800AF8B0D /* Scrollo.swift in Sources */,
				AC10102E287863BA0014E13B /* ConfidentialityModel.swift in Sources */,
				AC8E24FF28B119EB001486FC /* RemovePostViewModel.swift in Sources */,
				ACC21A662862EC9B00AF8B0D /* Persistence.swift in Sources */,
				ACEB9018289300280096110D /* FeedPostsView.swift in Sources */,
				AC1F7C222876C900009227CB /* EditProfileViewModel.swift in Sources */,
				ACDB88E72879C04800C6F1B2 /* PublicationTextPostView.swift in Sources */,
				ACEB90062892F7120096110D /* PostHeaderView.swift in Sources */,
				AC101028287857F30014E13B /* NotifyView.swift in Sources */,
				AC05854A28B1646600BB982A /* SettingsSheet.swift in Sources */,
				ACC21A5F2862EC9400AF8B0D /* ContentView.swift in Sources */,
				ACEB904E28943D780096110D /* FollowUserControll.swift in Sources */,
				ACC21A952862EF3600AF8B0D /* Extension.swift in Sources */,
				AC43BEF128717F16006BCFCC /* UIDefaultAvatar.swift in Sources */,
				AC01EB23287B1BB90026FC29 /* VideoRecordingView.swift in Sources */,
				ACBE7A6F28926CC800F76D93 /* AddAlbumViewModel.swift in Sources */,
				AC6DCDEB2867652D0051106B /* UIUserStory.swift in Sources */,
				ACC21A9D28630FA200AF8B0D /* SignInViewModel.swift in Sources */,
				AC54C2FB28B3661900D8CF2C /* ImageCropperViewModel.swift in Sources */,
				AC10101E2878497C0014E13B /* SafetyView.swift in Sources */,
				ACC1DE2528951483008A3932 /* InterestingPeople.swift in Sources */,
				ACC21AC7286327AD00AF8B0D /* FeedView.swift in Sources */,
				ACEB90012892D61D0096110D /* ToastViewModel.swift in Sources */,
				AC2A07812866F28500BB1C6D /* MessangerViewModel.swift in Sources */,
				ACC21ADE286357F000AF8B0D /* VideoThumbnailViewModel.swift in Sources */,
				ACC21AEB2864637B00AF8B0D /* DBManager.swift in Sources */,
				ACEB9021289324BD0096110D /* SavedPostSheetView.swift in Sources */,
				AC1F7C1C2876B438009227CB /* RoundedEdge.swift in Sources */,
				ACC21AAE28631DC700AF8B0D /* HomeView.swift in Sources */,
				ACEB90162892FFBC0096110D /* FeedStoryView.swift in Sources */,
				AC5F902728928B1400D05254 /* AlbumsViewModel.swift in Sources */,
				ACC21AC9286327D100AF8B0D /* StoryModel.swift in Sources */,
				AC2A07852866FAD100BB1C6D /* UserMessages.swift in Sources */,
				ACEB90432893EAC70096110D /* PostViewModel.swift in Sources */,
				ACEB903F2893E2440096110D /* FollowInfoView.swift in Sources */,
				AC8E24F828B0DAE0001486FC /* PostActionsSheet.swift in Sources */,
				ACC21A992863045400AF8B0D /* OTPViewModel.swift in Sources */,
				AC0E252228709B9C00AFB2F2 /* CommentsView.swift in Sources */,
				ACC21AE628644A2400AF8B0D /* SearchHistoryViewModel.swift in Sources */,
				AC05854D28B1953900BB982A /* ActualStoryView.swift in Sources */,
				ACC21AD728633DEC00AF8B0D /* TextWithHashtags.swift in Sources */,
				ACC21AE22863914400AF8B0D /* SearchView.swift in Sources */,
				AC05854F28B1A23C00BB982A /* ActualStoryCoverView.swift in Sources */,
				AC101026287856A30014E13B /* NotifyModel.swift in Sources */,
				ACEB90142892FF8E0096110D /* FeedHeaderView.swift in Sources */,
				AC8E250728B12B54001486FC /* UITabBar.swift in Sources */,
				ACC21AA22863103700AF8B0D /* SignInView.swift in Sources */,
				ACC21AA8286310A300AF8B0D /* Request.swift in Sources */,
				ACC21A972862F33400AF8B0D /* CustomCorner.swift in Sources */,
				ACC21AA42863104C00AF8B0D /* SignUpView.swift in Sources */,
				ACC21AAA2863113D00AF8B0D /* UserModel.swift in Sources */,
				ACEE4F31287E040500C464D6 /* CreateThumbnailFromVideo.swift in Sources */,
				ACEB9035289353B50096110D /* CommentsFooterView.swift in Sources */,
				ACC21AE42863A1EB00AF8B0D /* SearchViewModel.swift in Sources */,
				AC10102228784B300014E13B /* ChangePasswordViewModel.swift in Sources */,
				ACC21A9B2863081B00AF8B0D /* KeyboardHelper.swift in Sources */,
				ACC21AE02863587700AF8B0D /* UIAVPlayerControllerRepresented.swift in Sources */,
				AC5F90322892C40600D05254 /* UIVIewToast.swift in Sources */,
				ACDB88EE2879D68800C6F1B2 /* PublicationMediaPostView.swift in Sources */,
				ACC21AA028630FFD00AF8B0D /* LoginView.swift in Sources */,
				ACEB9031289353140096110D /* EmojiListView.swift in Sources */,
				ACEB90382893DDA60096110D /* ProfileView.swift in Sources */,
				ACEB900E2892FBB80096110D /* UIViewTextPost.swift in Sources */,
				AC4039222870387900B9A762 /* Test.swift in Sources */,
				ACC21AC52863235200AF8B0D /* Fonts.swift in Sources */,
				AC2CAB0C2874569700BEEB3C /* BottomSheetViewModel.swift in Sources */,
				AC1FF2CC28AF75BE00806CC0 /* AddStoryView.swift in Sources */,
				ACACBDF0287A41A300DF7171 /* AssetModel.swift in Sources */,
				AC2A07832866F2A400BB1C6D /* MessageModel.swift in Sources */,
				AC10102028784A150014E13B /* ChangePassword.swift in Sources */,
				AC101035287982DF0014E13B /* SignUpViewModel.swift in Sources */,
				AC1F7C1E2876B53D009227CB /* ProfileViewModelOld.swift in Sources */,
				ACC21A692862EC9B00AF8B0D /* scrollo.xcdatamodeld in Sources */,
				ACC21AD22863344B00AF8B0D /* PostModel.swift in Sources */,
				ACEB9048289439D10096110D /* CompositionStack.swift in Sources */,
				ACEB901D289311D50096110D /* StoriesListView.swift in Sources */,
				ACC21AA62863107B00AF8B0D /* Api.swift in Sources */,
				AC2CAB072874137500BEEB3C /* CommentsViewModel.swift in Sources */,
				ACDB88F02879D6A000C6F1B2 /* AddMediaPostViewModel.swift in Sources */,
				AC10102C2878624A0014E13B /* ConfidentialityViewModel.swift in Sources */,
				ACC1DE232895070A008A3932 /* YourActivityView.swift in Sources */,
				AC10101828783E390014E13B /* SettingsView.swift in Sources */,
				AC101015287835F70014E13B /* ImagePickerView.swift in Sources */,
				ACEB9046289439820096110D /* PostCompositionView.swift in Sources */,
				ACC21ACB2863280C00AF8B0D /* StoryViewModel.swift in Sources */,
				ACDB88EB2879CAFB00C6F1B2 /* PublicationViewModel.swift in Sources */,
				ACC21A5D2862EC9400AF8B0D /* scrolloApp.swift in Sources */,
				ACEB902F289352A10096110D /* CommentsView.swift.swift in Sources */,
			);
			runOnlyForDeploymentPostprocessing = 0;
		};
		ACC21A6A2862EC9B00AF8B0D /* Sources */ = {
			isa = PBXSourcesBuildPhase;
			buildActionMask = 2147483647;
			files = (
				ACC21A732862EC9C00AF8B0D /* scrolloTests.swift in Sources */,
			);
			runOnlyForDeploymentPostprocessing = 0;
		};
		ACC21A742862EC9C00AF8B0D /* Sources */ = {
			isa = PBXSourcesBuildPhase;
			buildActionMask = 2147483647;
			files = (
				ACC21A7D2862EC9C00AF8B0D /* scrolloUITests.swift in Sources */,
				ACC21A7F2862EC9C00AF8B0D /* scrolloUITestsLaunchTests.swift in Sources */,
			);
			runOnlyForDeploymentPostprocessing = 0;
		};
/* End PBXSourcesBuildPhase section */

/* Begin PBXTargetDependency section */
		ACC21A702862EC9C00AF8B0D /* PBXTargetDependency */ = {
			isa = PBXTargetDependency;
			target = ACC21A582862EC9400AF8B0D /* scrollo */;
			targetProxy = ACC21A6F2862EC9C00AF8B0D /* PBXContainerItemProxy */;
		};
		ACC21A7A2862EC9C00AF8B0D /* PBXTargetDependency */ = {
			isa = PBXTargetDependency;
			target = ACC21A582862EC9400AF8B0D /* scrollo */;
			targetProxy = ACC21A792862EC9C00AF8B0D /* PBXContainerItemProxy */;
		};
/* End PBXTargetDependency section */

/* Begin XCBuildConfiguration section */
		ACC21A802862EC9C00AF8B0D /* Debug */ = {
			isa = XCBuildConfiguration;
			buildSettings = {
				ALWAYS_SEARCH_USER_PATHS = NO;
				CLANG_ANALYZER_NONNULL = YES;
				CLANG_ANALYZER_NUMBER_OBJECT_CONVERSION = YES_AGGRESSIVE;
				CLANG_CXX_LANGUAGE_STANDARD = "gnu++17";
				CLANG_CXX_LIBRARY = "libc++";
				CLANG_ENABLE_MODULES = YES;
				CLANG_ENABLE_OBJC_ARC = YES;
				CLANG_ENABLE_OBJC_WEAK = YES;
				CLANG_WARN_BLOCK_CAPTURE_AUTORELEASING = YES;
				CLANG_WARN_BOOL_CONVERSION = YES;
				CLANG_WARN_COMMA = YES;
				CLANG_WARN_CONSTANT_CONVERSION = YES;
				CLANG_WARN_DEPRECATED_OBJC_IMPLEMENTATIONS = YES;
				CLANG_WARN_DIRECT_OBJC_ISA_USAGE = YES_ERROR;
				CLANG_WARN_DOCUMENTATION_COMMENTS = YES;
				CLANG_WARN_EMPTY_BODY = YES;
				CLANG_WARN_ENUM_CONVERSION = YES;
				CLANG_WARN_INFINITE_RECURSION = YES;
				CLANG_WARN_INT_CONVERSION = YES;
				CLANG_WARN_NON_LITERAL_NULL_CONVERSION = YES;
				CLANG_WARN_OBJC_IMPLICIT_RETAIN_SELF = YES;
				CLANG_WARN_OBJC_LITERAL_CONVERSION = YES;
				CLANG_WARN_OBJC_ROOT_CLASS = YES_ERROR;
				CLANG_WARN_QUOTED_INCLUDE_IN_FRAMEWORK_HEADER = YES;
				CLANG_WARN_RANGE_LOOP_ANALYSIS = YES;
				CLANG_WARN_STRICT_PROTOTYPES = YES;
				CLANG_WARN_SUSPICIOUS_MOVE = YES;
				CLANG_WARN_UNGUARDED_AVAILABILITY = YES_AGGRESSIVE;
				CLANG_WARN_UNREACHABLE_CODE = YES;
				CLANG_WARN__DUPLICATE_METHOD_MATCH = YES;
				COPY_PHASE_STRIP = NO;
				DEBUG_INFORMATION_FORMAT = dwarf;
				ENABLE_STRICT_OBJC_MSGSEND = YES;
				ENABLE_TESTABILITY = YES;
				GCC_C_LANGUAGE_STANDARD = gnu11;
				GCC_DYNAMIC_NO_PIC = NO;
				GCC_NO_COMMON_BLOCKS = YES;
				GCC_OPTIMIZATION_LEVEL = 0;
				GCC_PREPROCESSOR_DEFINITIONS = (
					"DEBUG=1",
					"$(inherited)",
				);
				GCC_WARN_64_TO_32_BIT_CONVERSION = YES;
				GCC_WARN_ABOUT_RETURN_TYPE = YES_ERROR;
				GCC_WARN_UNDECLARED_SELECTOR = YES;
				GCC_WARN_UNINITIALIZED_AUTOS = YES_AGGRESSIVE;
				GCC_WARN_UNUSED_FUNCTION = YES;
				GCC_WARN_UNUSED_VARIABLE = YES;
				IPHONEOS_DEPLOYMENT_TARGET = 15.2;
				MTL_ENABLE_DEBUG_INFO = INCLUDE_SOURCE;
				MTL_FAST_MATH = YES;
				ONLY_ACTIVE_ARCH = YES;
				SDKROOT = iphoneos;
				SWIFT_ACTIVE_COMPILATION_CONDITIONS = DEBUG;
				SWIFT_OPTIMIZATION_LEVEL = "-Onone";
			};
			name = Debug;
		};
		ACC21A812862EC9C00AF8B0D /* Release */ = {
			isa = XCBuildConfiguration;
			buildSettings = {
				ALWAYS_SEARCH_USER_PATHS = NO;
				CLANG_ANALYZER_NONNULL = YES;
				CLANG_ANALYZER_NUMBER_OBJECT_CONVERSION = YES_AGGRESSIVE;
				CLANG_CXX_LANGUAGE_STANDARD = "gnu++17";
				CLANG_CXX_LIBRARY = "libc++";
				CLANG_ENABLE_MODULES = YES;
				CLANG_ENABLE_OBJC_ARC = YES;
				CLANG_ENABLE_OBJC_WEAK = YES;
				CLANG_WARN_BLOCK_CAPTURE_AUTORELEASING = YES;
				CLANG_WARN_BOOL_CONVERSION = YES;
				CLANG_WARN_COMMA = YES;
				CLANG_WARN_CONSTANT_CONVERSION = YES;
				CLANG_WARN_DEPRECATED_OBJC_IMPLEMENTATIONS = YES;
				CLANG_WARN_DIRECT_OBJC_ISA_USAGE = YES_ERROR;
				CLANG_WARN_DOCUMENTATION_COMMENTS = YES;
				CLANG_WARN_EMPTY_BODY = YES;
				CLANG_WARN_ENUM_CONVERSION = YES;
				CLANG_WARN_INFINITE_RECURSION = YES;
				CLANG_WARN_INT_CONVERSION = YES;
				CLANG_WARN_NON_LITERAL_NULL_CONVERSION = YES;
				CLANG_WARN_OBJC_IMPLICIT_RETAIN_SELF = YES;
				CLANG_WARN_OBJC_LITERAL_CONVERSION = YES;
				CLANG_WARN_OBJC_ROOT_CLASS = YES_ERROR;
				CLANG_WARN_QUOTED_INCLUDE_IN_FRAMEWORK_HEADER = YES;
				CLANG_WARN_RANGE_LOOP_ANALYSIS = YES;
				CLANG_WARN_STRICT_PROTOTYPES = YES;
				CLANG_WARN_SUSPICIOUS_MOVE = YES;
				CLANG_WARN_UNGUARDED_AVAILABILITY = YES_AGGRESSIVE;
				CLANG_WARN_UNREACHABLE_CODE = YES;
				CLANG_WARN__DUPLICATE_METHOD_MATCH = YES;
				COPY_PHASE_STRIP = NO;
				DEBUG_INFORMATION_FORMAT = "dwarf-with-dsym";
				ENABLE_NS_ASSERTIONS = NO;
				ENABLE_STRICT_OBJC_MSGSEND = YES;
				GCC_C_LANGUAGE_STANDARD = gnu11;
				GCC_NO_COMMON_BLOCKS = YES;
				GCC_WARN_64_TO_32_BIT_CONVERSION = YES;
				GCC_WARN_ABOUT_RETURN_TYPE = YES_ERROR;
				GCC_WARN_UNDECLARED_SELECTOR = YES;
				GCC_WARN_UNINITIALIZED_AUTOS = YES_AGGRESSIVE;
				GCC_WARN_UNUSED_FUNCTION = YES;
				GCC_WARN_UNUSED_VARIABLE = YES;
				IPHONEOS_DEPLOYMENT_TARGET = 15.2;
				MTL_ENABLE_DEBUG_INFO = NO;
				MTL_FAST_MATH = YES;
				SDKROOT = iphoneos;
				SWIFT_COMPILATION_MODE = wholemodule;
				SWIFT_OPTIMIZATION_LEVEL = "-O";
				VALIDATE_PRODUCT = YES;
			};
			name = Release;
		};
		ACC21A832862EC9C00AF8B0D /* Debug */ = {
			isa = XCBuildConfiguration;
			buildSettings = {
				ASSETCATALOG_COMPILER_APPICON_NAME = AppIcon;
				ASSETCATALOG_COMPILER_GLOBAL_ACCENT_COLOR_NAME = AccentColor;
				CODE_SIGN_IDENTITY = "Apple Development";
				CODE_SIGN_STYLE = Automatic;
				CURRENT_PROJECT_VERSION = 17;
				DEVELOPMENT_ASSET_PATHS = "\"scrollo/Preview Content\"";
				DEVELOPMENT_TEAM = 2R48RT3S99;
				ENABLE_PREVIEWS = YES;
				GENERATE_INFOPLIST_FILE = YES;
				INFOPLIST_FILE = scrollo/Info.plist;
				INFOPLIST_KEY_CFBundleDisplayName = Scrollo;
				INFOPLIST_KEY_LSApplicationCategoryType = "";
				INFOPLIST_KEY_NSCameraUsageDescription = "Разрешите доступ к камере";
				INFOPLIST_KEY_NSHumanReadableCopyright = "";
				INFOPLIST_KEY_NSMicrophoneUsageDescription = "";
				INFOPLIST_KEY_NSPhotoLibraryUsageDescription = "Разрешите доступ к галереи";
				INFOPLIST_KEY_UIApplicationSceneManifest_Generation = YES;
				INFOPLIST_KEY_UIApplicationSupportsIndirectInputEvents = YES;
				INFOPLIST_KEY_UIRequiredDeviceCapabilities = armv7;
				INFOPLIST_KEY_UISupportedInterfaceOrientations = UIInterfaceOrientationPortrait;
				INFOPLIST_KEY_UISupportedInterfaceOrientations_iPad = "UIInterfaceOrientationPortrait UIInterfaceOrientationPortraitUpsideDown UIInterfaceOrientationLandscapeLeft UIInterfaceOrientationLandscapeRight";
				INFOPLIST_KEY_UISupportedInterfaceOrientations_iPhone = "UIInterfaceOrientationPortrait UIInterfaceOrientationLandscapeLeft UIInterfaceOrientationLandscapeRight";
				INFOPLIST_KEY_UIUserInterfaceStyle = Light;
				IPHONEOS_DEPLOYMENT_TARGET = 15.0;
				LD_RUNPATH_SEARCH_PATHS = (
					"$(inherited)",
					"@executable_path/Frameworks",
				);
				MARKETING_VERSION = 1.0;
				PRODUCT_BUNDLE_IDENTIFIER = com.scrollo;
				PRODUCT_NAME = "$(TARGET_NAME)";
				PROVISIONING_PROFILE_SPECIFIER = "";
				SWIFT_EMIT_LOC_STRINGS = YES;
				SWIFT_VERSION = 5.0;
				TARGETED_DEVICE_FAMILY = 1;
			};
			name = Debug;
		};
		ACC21A842862EC9C00AF8B0D /* Release */ = {
			isa = XCBuildConfiguration;
			buildSettings = {
				ASSETCATALOG_COMPILER_APPICON_NAME = AppIcon;
				ASSETCATALOG_COMPILER_GLOBAL_ACCENT_COLOR_NAME = AccentColor;
				CODE_SIGN_IDENTITY = "Apple Development";
				CODE_SIGN_STYLE = Automatic;
				CURRENT_PROJECT_VERSION = 17;
				DEVELOPMENT_ASSET_PATHS = "\"scrollo/Preview Content\"";
				DEVELOPMENT_TEAM = 2R48RT3S99;
				ENABLE_PREVIEWS = YES;
				GENERATE_INFOPLIST_FILE = YES;
				INFOPLIST_FILE = scrollo/Info.plist;
				INFOPLIST_KEY_CFBundleDisplayName = Scrollo;
				INFOPLIST_KEY_LSApplicationCategoryType = "";
				INFOPLIST_KEY_NSCameraUsageDescription = "Разрешите доступ к камере";
				INFOPLIST_KEY_NSHumanReadableCopyright = "";
				INFOPLIST_KEY_NSMicrophoneUsageDescription = "";
				INFOPLIST_KEY_NSPhotoLibraryUsageDescription = "Разрешите доступ к галереи";
				INFOPLIST_KEY_UIApplicationSceneManifest_Generation = YES;
				INFOPLIST_KEY_UIApplicationSupportsIndirectInputEvents = YES;
				INFOPLIST_KEY_UIRequiredDeviceCapabilities = armv7;
				INFOPLIST_KEY_UISupportedInterfaceOrientations = UIInterfaceOrientationPortrait;
				INFOPLIST_KEY_UISupportedInterfaceOrientations_iPad = "UIInterfaceOrientationPortrait UIInterfaceOrientationPortraitUpsideDown UIInterfaceOrientationLandscapeLeft UIInterfaceOrientationLandscapeRight";
				INFOPLIST_KEY_UISupportedInterfaceOrientations_iPhone = "UIInterfaceOrientationPortrait UIInterfaceOrientationLandscapeLeft UIInterfaceOrientationLandscapeRight";
				INFOPLIST_KEY_UIUserInterfaceStyle = Light;
				IPHONEOS_DEPLOYMENT_TARGET = 15.0;
				LD_RUNPATH_SEARCH_PATHS = (
					"$(inherited)",
					"@executable_path/Frameworks",
				);
				MARKETING_VERSION = 1.0;
				PRODUCT_BUNDLE_IDENTIFIER = com.scrollo;
				PRODUCT_NAME = "$(TARGET_NAME)";
				PROVISIONING_PROFILE_SPECIFIER = "";
				SWIFT_EMIT_LOC_STRINGS = YES;
				SWIFT_VERSION = 5.0;
				TARGETED_DEVICE_FAMILY = 1;
			};
			name = Release;
		};
		ACC21A862862EC9C00AF8B0D /* Debug */ = {
			isa = XCBuildConfiguration;
			buildSettings = {
				ALWAYS_EMBED_SWIFT_STANDARD_LIBRARIES = YES;
				BUNDLE_LOADER = "$(TEST_HOST)";
				CODE_SIGN_STYLE = Automatic;
				CURRENT_PROJECT_VERSION = 1;
				DEVELOPMENT_TEAM = 5HE5LA2S4J;
				GENERATE_INFOPLIST_FILE = YES;
				IPHONEOS_DEPLOYMENT_TARGET = 15.2;
				MARKETING_VERSION = 1.0;
				PRODUCT_BUNDLE_IDENTIFIER = com.scrolloTests;
				PRODUCT_NAME = "$(TARGET_NAME)";
				SWIFT_EMIT_LOC_STRINGS = NO;
				SWIFT_VERSION = 5.0;
				TARGETED_DEVICE_FAMILY = "1,2";
				TEST_HOST = "$(BUILT_PRODUCTS_DIR)/scrollo.app/scrollo";
			};
			name = Debug;
		};
		ACC21A872862EC9C00AF8B0D /* Release */ = {
			isa = XCBuildConfiguration;
			buildSettings = {
				ALWAYS_EMBED_SWIFT_STANDARD_LIBRARIES = YES;
				BUNDLE_LOADER = "$(TEST_HOST)";
				CODE_SIGN_STYLE = Automatic;
				CURRENT_PROJECT_VERSION = 1;
				DEVELOPMENT_TEAM = 5HE5LA2S4J;
				GENERATE_INFOPLIST_FILE = YES;
				IPHONEOS_DEPLOYMENT_TARGET = 15.2;
				MARKETING_VERSION = 1.0;
				PRODUCT_BUNDLE_IDENTIFIER = com.scrolloTests;
				PRODUCT_NAME = "$(TARGET_NAME)";
				SWIFT_EMIT_LOC_STRINGS = NO;
				SWIFT_VERSION = 5.0;
				TARGETED_DEVICE_FAMILY = "1,2";
				TEST_HOST = "$(BUILT_PRODUCTS_DIR)/scrollo.app/scrollo";
			};
			name = Release;
		};
		ACC21A892862EC9C00AF8B0D /* Debug */ = {
			isa = XCBuildConfiguration;
			buildSettings = {
				ALWAYS_EMBED_SWIFT_STANDARD_LIBRARIES = YES;
				CODE_SIGN_STYLE = Automatic;
				CURRENT_PROJECT_VERSION = 1;
				DEVELOPMENT_TEAM = 5HE5LA2S4J;
				GENERATE_INFOPLIST_FILE = YES;
				MARKETING_VERSION = 1.0;
				PRODUCT_BUNDLE_IDENTIFIER = com.scrolloUITests;
				PRODUCT_NAME = "$(TARGET_NAME)";
				SWIFT_EMIT_LOC_STRINGS = NO;
				SWIFT_VERSION = 5.0;
				TARGETED_DEVICE_FAMILY = "1,2";
				TEST_TARGET_NAME = scrollo;
			};
			name = Debug;
		};
		ACC21A8A2862EC9C00AF8B0D /* Release */ = {
			isa = XCBuildConfiguration;
			buildSettings = {
				ALWAYS_EMBED_SWIFT_STANDARD_LIBRARIES = YES;
				CODE_SIGN_STYLE = Automatic;
				CURRENT_PROJECT_VERSION = 1;
				DEVELOPMENT_TEAM = 5HE5LA2S4J;
				GENERATE_INFOPLIST_FILE = YES;
				MARKETING_VERSION = 1.0;
				PRODUCT_BUNDLE_IDENTIFIER = com.scrolloUITests;
				PRODUCT_NAME = "$(TARGET_NAME)";
				SWIFT_EMIT_LOC_STRINGS = NO;
				SWIFT_VERSION = 5.0;
				TARGETED_DEVICE_FAMILY = "1,2";
				TEST_TARGET_NAME = scrollo;
			};
			name = Release;
		};
/* End XCBuildConfiguration section */

/* Begin XCConfigurationList section */
		ACC21A542862EC9400AF8B0D /* Build configuration list for PBXProject "scrollo" */ = {
			isa = XCConfigurationList;
			buildConfigurations = (
				ACC21A802862EC9C00AF8B0D /* Debug */,
				ACC21A812862EC9C00AF8B0D /* Release */,
			);
			defaultConfigurationIsVisible = 0;
			defaultConfigurationName = Release;
		};
		ACC21A822862EC9C00AF8B0D /* Build configuration list for PBXNativeTarget "scrollo" */ = {
			isa = XCConfigurationList;
			buildConfigurations = (
				ACC21A832862EC9C00AF8B0D /* Debug */,
				ACC21A842862EC9C00AF8B0D /* Release */,
			);
			defaultConfigurationIsVisible = 0;
			defaultConfigurationName = Release;
		};
		ACC21A852862EC9C00AF8B0D /* Build configuration list for PBXNativeTarget "scrolloTests" */ = {
			isa = XCConfigurationList;
			buildConfigurations = (
				ACC21A862862EC9C00AF8B0D /* Debug */,
				ACC21A872862EC9C00AF8B0D /* Release */,
			);
			defaultConfigurationIsVisible = 0;
			defaultConfigurationName = Release;
		};
		ACC21A882862EC9C00AF8B0D /* Build configuration list for PBXNativeTarget "scrolloUITests" */ = {
			isa = XCConfigurationList;
			buildConfigurations = (
				ACC21A892862EC9C00AF8B0D /* Debug */,
				ACC21A8A2862EC9C00AF8B0D /* Release */,
			);
			defaultConfigurationIsVisible = 0;
			defaultConfigurationName = Release;
		};
/* End XCConfigurationList section */

/* Begin XCRemoteSwiftPackageReference section */
		AC5F902A2892BDC800D05254 /* XCRemoteSwiftPackageReference "UISheetPresentationControllerCustomDetent" */ = {
			isa = XCRemoteSwiftPackageReference;
			repositoryURL = "https://github.com/iMinichrispy/UISheetPresentationControllerCustomDetent";
			requirement = {
				kind = upToNextMajorVersion;
				minimumVersion = 0.9.0;
			};
		};
		ACC21ACC28632EE700AF8B0D /* XCRemoteSwiftPackageReference "SDWebImageSwiftUI" */ = {
			isa = XCRemoteSwiftPackageReference;
			repositoryURL = "https://github.com/SDWebImage/SDWebImageSwiftUI.git";
			requirement = {
				kind = upToNextMajorVersion;
				minimumVersion = 2.0.0;
			};
		};
		ACC21ADA2863503000AF8B0D /* XCRemoteSwiftPackageReference "SwiftUI-Introspect" */ = {
			isa = XCRemoteSwiftPackageReference;
			repositoryURL = "https://github.com/siteline/SwiftUI-Introspect.git";
			requirement = {
				kind = upToNextMajorVersion;
				minimumVersion = 0.1.4;
			};
		};
/* End XCRemoteSwiftPackageReference section */

/* Begin XCSwiftPackageProductDependency section */
		AC5F902B2892BDC800D05254 /* UISheetPresentationControllerCustomDetent */ = {
			isa = XCSwiftPackageProductDependency;
			package = AC5F902A2892BDC800D05254 /* XCRemoteSwiftPackageReference "UISheetPresentationControllerCustomDetent" */;
			productName = UISheetPresentationControllerCustomDetent;
		};
		AC5F902D2892BDC800D05254 /* UISheetPresentationControllerCustomDetentObjc */ = {
			isa = XCSwiftPackageProductDependency;
			package = AC5F902A2892BDC800D05254 /* XCRemoteSwiftPackageReference "UISheetPresentationControllerCustomDetent" */;
			productName = UISheetPresentationControllerCustomDetentObjc;
		};
		ACC21ACD28632EE700AF8B0D /* SDWebImageSwiftUI */ = {
			isa = XCSwiftPackageProductDependency;
			package = ACC21ACC28632EE700AF8B0D /* XCRemoteSwiftPackageReference "SDWebImageSwiftUI" */;
			productName = SDWebImageSwiftUI;
		};
		ACC21ADB2863503100AF8B0D /* Introspect */ = {
			isa = XCSwiftPackageProductDependency;
			package = ACC21ADA2863503000AF8B0D /* XCRemoteSwiftPackageReference "SwiftUI-Introspect" */;
			productName = Introspect;
		};
/* End XCSwiftPackageProductDependency section */

/* Begin XCVersionGroup section */
		ACC21A672862EC9B00AF8B0D /* scrollo.xcdatamodeld */ = {
			isa = XCVersionGroup;
			children = (
				ACC21A682862EC9B00AF8B0D /* scrollo.xcdatamodel */,
			);
			currentVersion = ACC21A682862EC9B00AF8B0D /* scrollo.xcdatamodel */;
			path = scrollo.xcdatamodeld;
			sourceTree = "<group>";
			versionGroupType = wrapper.xcdatamodel;
		};
/* End XCVersionGroup section */
	};
	rootObject = ACC21A512862EC9400AF8B0D /* Project object */;
}
