{
  "object": {
    "pins": [
      {
        "package": "SDWebImage",
        "repositoryURL": "https://github.com/SDWebImage/SDWebImage.git",
        "state": {
          "branch": null,
          "revision": "b729cc14f65e1412efc781a4cc46bd7f4720a3ae",
          "version": "5.12.6"
        }
      },
      {
        "package": "SDWebImageSwiftUI",
        "repositoryURL": "https://github.com/SDWebImage/SDWebImageSwiftUI.git",
        "state": {
          "branch": null,
          "revision": "cd8625b7cf11a97698e180d28bb7d5d357196678",
          "version": "2.0.2"
        }
      },
      {
        "package": "Introspect",
        "repositoryURL": "https://github.com/siteline/SwiftUI-Introspect.git",
        "state": {
          "branch": null,
          "revision": "f2616860a41f9d9932da412a8978fec79c06fe24",
          "version": "0.1.4"
        }
      },
      {
        "package": "SwiftUICharts",
        "repositoryURL": "https://github.com/willdale/SwiftUICharts.git",
        "state": {
          "branch": null,
          "revision": "9a71bffb72c35960c6836891ca1e13e089532991",
          "version": "2.10.1"
        }
      },
      {
        "package": "UISheetPresentationControllerCustomDetent",
        "repositoryURL": "https://github.com/iMinichrispy/UISheetPresentationControllerCustomDetent",
        "state": {
          "branch": null,
          "revision": "b508240a5b387dfe5e08e958b4bb19002795fd03",
          "version": "0.9.0"
        }
      }
    ]
  },
  "version": 1
}
